
Microsoft Visual Studio Solution File, Format Version 12.00
# Visual Studio Version 16
VisualStudioVersion = 16.0.30011.22
MinimumVisualStudioVersion = 10.0.40219.1
Project("{FAE04EC0-301F-11D3-BF4B-00C04F79EFBC}") = "OxyPlot.Xamarin.Forms", "NavitasBeta\OxyPlot.Xamarin.Forms\OxyPlot.Xamarin.Forms.csproj", "{B63C5F8C-61C8-4E69-93D6-F49F816D3746}"
	ProjectSection(ProjectDependencies) = postProject
		{ADCF519D-64E1-4902-8B94-041C53DFF6AD} = {ADCF519D-64E1-4902-8B94-041C53DFF6AD}
	EndProjectSection
EndProject
Project("{FAE04EC0-301F-11D3-BF4B-00C04F79EFBC}") = "OxyPlot.Xamarin.Forms.Platform.Android", "NavitasBeta\OxyPlot.Xamarin.Forms.Platform.Android\OxyPlot.Xamarin.Forms.Platform.Android.csproj", "{A40AD708-3FF5-42FC-92B0-8D93FF1DB58F}"
EndProject
Project("{FAE04EC0-301F-11D3-BF4B-00C04F79EFBC}") = "OxyPlot.Xamarin.Forms.Platform.iOS", "NavitasBeta\OxyPlot.Xamarin.Forms.Platform.iOS\OxyPlot.Xamarin.Forms.Platform.iOS.csproj", "{6B6E500B-B75C-4A27-A73E-9F4DE5FE6ED3}"
EndProject
Project("{FAE04EC0-301F-11D3-BF4B-00C04F79EFBC}") = "OxyPlot.Xamarin.iOS", "NavitasBeta\OxyPlot.Xamarin.iOS\OxyPlot.Xamarin.iOS.csproj", "{017BFF60-40E6-4520-8554-5862A95EF123}"
	ProjectSection(ProjectDependencies) = postProject
		{B63C5F8C-61C8-4E69-93D6-F49F816D3746} = {B63C5F8C-61C8-4E69-93D6-F49F816D3746}
	EndProjectSection
EndProject
Project("{FAE04EC0-301F-11D3-BF4B-00C04F79EFBC}") = "ParseManager", "NavitasBeta\ParseManager\ParseManager.csproj", "{ADCF519D-64E1-4902-8B94-041C53DFF6AD}"
EndProject
Project("{FAE04EC0-301F-11D3-BF4B-00C04F79EFBC}") = "ParseManager.Droid", "NavitasBeta\ParseManager.Droid\ParseManager.Droid.csproj", "{C3507DFC-5750-4F23-ADC9-C9F3EB08046B}"
	ProjectSection(ProjectDependencies) = postProject
		{ADCF519D-64E1-4902-8B94-041C53DFF6AD} = {ADCF519D-64E1-4902-8B94-041C53DFF6AD}
	EndProjectSection
EndProject
Project("{FAE04EC0-301F-11D3-BF4B-00C04F79EFBC}") = "NavitasBeta", "NavitasBeta\NavitasBeta\NavitasBeta.csproj", "{7A24E02A-2C57-4ED5-815E-70BFED6570CA}"
EndProject
Project("{FAE04EC0-301F-11D3-BF4B-00C04F79EFBC}") = "NavitasBeta.Android", "NavitasBeta\NavitasBeta.Android\NavitasBeta.Android.csproj", "{C62BE65C-C6CB-4FAF-A24C-145E7B5C858E}"
	ProjectSection(ProjectDependencies) = postProject
		{A40AD708-3FF5-42FC-92B0-8D93FF1DB58F} = {A40AD708-3FF5-42FC-92B0-8D93FF1DB58F}
		{7A24E02A-2C57-4ED5-815E-70BFED6570CA} = {7A24E02A-2C57-4ED5-815E-70BFED6570CA}
	EndProjectSection
EndProject
Project("{FAE04EC0-301F-11D3-BF4B-00C04F79EFBC}") = "NavitasBeta.iOS", "NavitasBeta\NavitasBeta.iOS\NavitasBeta.iOS.csproj", "{9F5C698B-E278-4C94-9FF8-D5800FCFC736}"
	ProjectSection(ProjectDependencies) = postProject
		{7A24E02A-2C57-4ED5-815E-70BFED6570CA} = {7A24E02A-2C57-4ED5-815E-70BFED6570CA}
	EndProjectSection
EndProject
Project("{FAE04EC0-301F-11D3-BF4B-00C04F79EFBC}") = "OxyPlot.Xamarin.Android", "NavitasBeta\OxyPlot.Xamarin.Android\OxyPlot.Xamarin.Android.csproj", "{E965BA32-9561-4E2A-ADB0-19487B25A939}"
	ProjectSection(ProjectDependencies) = postProject
		{B63C5F8C-61C8-4E69-93D6-F49F816D3746} = {B63C5F8C-61C8-4E69-93D6-F49F816D3746}
	EndProjectSection
EndProject
Project("{FAE04EC0-301F-11D3-BF4B-00C04F79EFBC}") = "NavitasBeta.UWP", "NavitasBeta\NavitasBeta.UWP\NavitasBeta.UWP.csproj", "{E546FD83-2A03-425E-8144-1C1C86DD3BFF}"
EndProject
Project("{FAE04EC0-301F-11D3-BF4B-00C04F79EFBC}") = "OxyPlot.Xamarin.Forms.Platform.UWP", "NavitasBeta\OxyPlot.Xamarin.Forms.Platform.UWP\OxyPlot.Xamarin.Forms.Platform.UWP.csproj", "{DF37BC48-3A9F-4D90-BA38-70F8C22BCA7B}"
EndProject
Project("{FAE04EC0-301F-11D3-BF4B-00C04F79EFBC}") = "ParseManager.iOS", "NavitasBeta\ParseManager.iOS\ParseManager.iOS.csproj", "{D5F83A1F-E5FC-4FCF-9714-2C2BCEAF4031}"
EndProject
Project("{FAE04EC0-301F-11D3-BF4B-00C04F79EFBC}") = "ParseManager.UWP", "NavitasBeta\ParseManager.UWP\ParseManager.UWP.csproj", "{6B78CBE9-A830-409F-A236-3A1CCDBE2680}"
EndProject
Global
	GlobalSection(SolutionConfigurationPlatforms) = preSolution
		Ad-Hoc|Any CPU = Ad-Hoc|Any CPU
		Ad-Hoc|ARM = Ad-Hoc|ARM
		Ad-Hoc|ARM64 = Ad-Hoc|ARM64
		Ad-Hoc|iPhone = Ad-Hoc|iPhone
		Ad-Hoc|iPhoneSimulator = Ad-Hoc|iPhoneSimulator
		Ad-Hoc|x64 = Ad-Hoc|x64
		Ad-Hoc|x86 = Ad-Hoc|x86
		AppStore|Any CPU = AppStore|Any CPU
		AppStore|ARM = AppStore|ARM
		AppStore|ARM64 = AppStore|ARM64
		AppStore|iPhone = AppStore|iPhone
		AppStore|iPhoneSimulator = AppStore|iPhoneSimulator
		AppStore|x64 = AppStore|x64
		AppStore|x86 = AppStore|x86
		Debug|Any CPU = Debug|Any CPU
		Debug|ARM = Debug|ARM
		Debug|ARM64 = Debug|ARM64
		Debug|iPhone = Debug|iPhone
		Debug|iPhoneSimulator = Debug|iPhoneSimulator
		Debug|x64 = Debug|x64
		Debug|x86 = Debug|x86
		Release|Any CPU = Release|Any CPU
		Release|ARM = Release|ARM
		Release|ARM64 = Release|ARM64
		Release|iPhone = Release|iPhone
		Release|iPhoneSimulator = Release|iPhoneSimulator
		Release|x64 = Release|x64
		Release|x86 = Release|x86
	EndGlobalSection
	GlobalSection(ProjectConfigurationPlatforms) = postSolution
		{B63C5F8C-61C8-4E69-93D6-F49F816D3746}.Ad-Hoc|Any CPU.ActiveCfg = Release|Any CPU
		{B63C5F8C-61C8-4E69-93D6-F49F816D3746}.Ad-Hoc|Any CPU.Build.0 = Release|Any CPU
		{B63C5F8C-61C8-4E69-93D6-F49F816D3746}.Ad-Hoc|ARM.ActiveCfg = Release|Any CPU
		{B63C5F8C-61C8-4E69-93D6-F49F816D3746}.Ad-Hoc|ARM.Build.0 = Release|Any CPU
		{B63C5F8C-61C8-4E69-93D6-F49F816D3746}.Ad-Hoc|ARM64.ActiveCfg = Debug|Any CPU
		{B63C5F8C-61C8-4E69-93D6-F49F816D3746}.Ad-Hoc|ARM64.Build.0 = Debug|Any CPU
		{B63C5F8C-61C8-4E69-93D6-F49F816D3746}.Ad-Hoc|iPhone.ActiveCfg = Release|Any CPU
		{B63C5F8C-61C8-4E69-93D6-F49F816D3746}.Ad-Hoc|iPhone.Build.0 = Release|Any CPU
		{B63C5F8C-61C8-4E69-93D6-F49F816D3746}.Ad-Hoc|iPhoneSimulator.ActiveCfg = Release|Any CPU
		{B63C5F8C-61C8-4E69-93D6-F49F816D3746}.Ad-Hoc|iPhoneSimulator.Build.0 = Release|Any CPU
		{B63C5F8C-61C8-4E69-93D6-F49F816D3746}.Ad-Hoc|x64.ActiveCfg = Release|Any CPU
		{B63C5F8C-61C8-4E69-93D6-F49F816D3746}.Ad-Hoc|x64.Build.0 = Release|Any CPU
		{B63C5F8C-61C8-4E69-93D6-F49F816D3746}.Ad-Hoc|x86.ActiveCfg = Release|Any CPU
		{B63C5F8C-61C8-4E69-93D6-F49F816D3746}.Ad-Hoc|x86.Build.0 = Release|Any CPU
		{B63C5F8C-61C8-4E69-93D6-F49F816D3746}.AppStore|Any CPU.ActiveCfg = Release|Any CPU
		{B63C5F8C-61C8-4E69-93D6-F49F816D3746}.AppStore|Any CPU.Build.0 = Release|Any CPU
		{B63C5F8C-61C8-4E69-93D6-F49F816D3746}.AppStore|ARM.ActiveCfg = Release|Any CPU
		{B63C5F8C-61C8-4E69-93D6-F49F816D3746}.AppStore|ARM.Build.0 = Release|Any CPU
		{B63C5F8C-61C8-4E69-93D6-F49F816D3746}.AppStore|ARM64.ActiveCfg = Debug|Any CPU
		{B63C5F8C-61C8-4E69-93D6-F49F816D3746}.AppStore|ARM64.Build.0 = Debug|Any CPU
		{B63C5F8C-61C8-4E69-93D6-F49F816D3746}.AppStore|iPhone.ActiveCfg = Release|Any CPU
		{B63C5F8C-61C8-4E69-93D6-F49F816D3746}.AppStore|iPhone.Build.0 = Release|Any CPU
		{B63C5F8C-61C8-4E69-93D6-F49F816D3746}.AppStore|iPhoneSimulator.ActiveCfg = Release|Any CPU
		{B63C5F8C-61C8-4E69-93D6-F49F816D3746}.AppStore|iPhoneSimulator.Build.0 = Release|Any CPU
		{B63C5F8C-61C8-4E69-93D6-F49F816D3746}.AppStore|x64.ActiveCfg = Release|Any CPU
		{B63C5F8C-61C8-4E69-93D6-F49F816D3746}.AppStore|x64.Build.0 = Release|Any CPU
		{B63C5F8C-61C8-4E69-93D6-F49F816D3746}.AppStore|x86.ActiveCfg = Release|Any CPU
		{B63C5F8C-61C8-4E69-93D6-F49F816D3746}.AppStore|x86.Build.0 = Release|Any CPU
		{B63C5F8C-61C8-4E69-93D6-F49F816D3746}.Debug|Any CPU.ActiveCfg = Debug|Any CPU
		{B63C5F8C-61C8-4E69-93D6-F49F816D3746}.Debug|Any CPU.Build.0 = Debug|Any CPU
		{B63C5F8C-61C8-4E69-93D6-F49F816D3746}.Debug|ARM.ActiveCfg = Debug|Any CPU
		{B63C5F8C-61C8-4E69-93D6-F49F816D3746}.Debug|ARM.Build.0 = Debug|Any CPU
		{B63C5F8C-61C8-4E69-93D6-F49F816D3746}.Debug|ARM64.ActiveCfg = Debug|Any CPU
		{B63C5F8C-61C8-4E69-93D6-F49F816D3746}.Debug|ARM64.Build.0 = Debug|Any CPU
		{B63C5F8C-61C8-4E69-93D6-F49F816D3746}.Debug|iPhone.ActiveCfg = Debug|Any CPU
		{B63C5F8C-61C8-4E69-93D6-F49F816D3746}.Debug|iPhone.Build.0 = Debug|Any CPU
		{B63C5F8C-61C8-4E69-93D6-F49F816D3746}.Debug|iPhoneSimulator.ActiveCfg = Debug|Any CPU
		{B63C5F8C-61C8-4E69-93D6-F49F816D3746}.Debug|iPhoneSimulator.Build.0 = Debug|Any CPU
		{B63C5F8C-61C8-4E69-93D6-F49F816D3746}.Debug|x64.ActiveCfg = Debug|Any CPU
		{B63C5F8C-61C8-4E69-93D6-F49F816D3746}.Debug|x64.Build.0 = Debug|Any CPU
		{B63C5F8C-61C8-4E69-93D6-F49F816D3746}.Debug|x86.ActiveCfg = Debug|Any CPU
		{B63C5F8C-61C8-4E69-93D6-F49F816D3746}.Debug|x86.Build.0 = Debug|Any CPU
		{B63C5F8C-61C8-4E69-93D6-F49F816D3746}.Release|Any CPU.ActiveCfg = Release|Any CPU
		{B63C5F8C-61C8-4E69-93D6-F49F816D3746}.Release|Any CPU.Build.0 = Release|Any CPU
		{B63C5F8C-61C8-4E69-93D6-F49F816D3746}.Release|ARM.ActiveCfg = Release|Any CPU
		{B63C5F8C-61C8-4E69-93D6-F49F816D3746}.Release|ARM.Build.0 = Release|Any CPU
		{B63C5F8C-61C8-4E69-93D6-F49F816D3746}.Release|ARM64.ActiveCfg = Release|Any CPU
		{B63C5F8C-61C8-4E69-93D6-F49F816D3746}.Release|ARM64.Build.0 = Release|Any CPU
		{B63C5F8C-61C8-4E69-93D6-F49F816D3746}.Release|iPhone.ActiveCfg = Release|Any CPU
		{B63C5F8C-61C8-4E69-93D6-F49F816D3746}.Release|iPhone.Build.0 = Release|Any CPU
		{B63C5F8C-61C8-4E69-93D6-F49F816D3746}.Release|iPhoneSimulator.ActiveCfg = Release|Any CPU
		{B63C5F8C-61C8-4E69-93D6-F49F816D3746}.Release|iPhoneSimulator.Build.0 = Release|Any CPU
		{B63C5F8C-61C8-4E69-93D6-F49F816D3746}.Release|x64.ActiveCfg = Release|Any CPU
		{B63C5F8C-61C8-4E69-93D6-F49F816D3746}.Release|x64.Build.0 = Release|Any CPU
		{B63C5F8C-61C8-4E69-93D6-F49F816D3746}.Release|x86.ActiveCfg = Release|Any CPU
		{B63C5F8C-61C8-4E69-93D6-F49F816D3746}.Release|x86.Build.0 = Release|Any CPU
		{A40AD708-3FF5-42FC-92B0-8D93FF1DB58F}.Ad-Hoc|Any CPU.ActiveCfg = Release|Any CPU
		{A40AD708-3FF5-42FC-92B0-8D93FF1DB58F}.Ad-Hoc|Any CPU.Build.0 = Release|Any CPU
		{A40AD708-3FF5-42FC-92B0-8D93FF1DB58F}.Ad-Hoc|ARM.ActiveCfg = Release|Any CPU
		{A40AD708-3FF5-42FC-92B0-8D93FF1DB58F}.Ad-Hoc|ARM.Build.0 = Release|Any CPU
		{A40AD708-3FF5-42FC-92B0-8D93FF1DB58F}.Ad-Hoc|ARM64.ActiveCfg = Debug|Any CPU
		{A40AD708-3FF5-42FC-92B0-8D93FF1DB58F}.Ad-Hoc|ARM64.Build.0 = Debug|Any CPU
		{A40AD708-3FF5-42FC-92B0-8D93FF1DB58F}.Ad-Hoc|iPhone.ActiveCfg = Release|Any CPU
		{A40AD708-3FF5-42FC-92B0-8D93FF1DB58F}.Ad-Hoc|iPhone.Build.0 = Release|Any CPU
		{A40AD708-3FF5-42FC-92B0-8D93FF1DB58F}.Ad-Hoc|iPhoneSimulator.ActiveCfg = Release|Any CPU
		{A40AD708-3FF5-42FC-92B0-8D93FF1DB58F}.Ad-Hoc|iPhoneSimulator.Build.0 = Release|Any CPU
		{A40AD708-3FF5-42FC-92B0-8D93FF1DB58F}.Ad-Hoc|x64.ActiveCfg = Release|Any CPU
		{A40AD708-3FF5-42FC-92B0-8D93FF1DB58F}.Ad-Hoc|x64.Build.0 = Release|Any CPU
		{A40AD708-3FF5-42FC-92B0-8D93FF1DB58F}.Ad-Hoc|x86.ActiveCfg = Release|Any CPU
		{A40AD708-3FF5-42FC-92B0-8D93FF1DB58F}.Ad-Hoc|x86.Build.0 = Release|Any CPU
		{A40AD708-3FF5-42FC-92B0-8D93FF1DB58F}.AppStore|Any CPU.ActiveCfg = Release|Any CPU
		{A40AD708-3FF5-42FC-92B0-8D93FF1DB58F}.AppStore|Any CPU.Build.0 = Release|Any CPU
		{A40AD708-3FF5-42FC-92B0-8D93FF1DB58F}.AppStore|ARM.ActiveCfg = Release|Any CPU
		{A40AD708-3FF5-42FC-92B0-8D93FF1DB58F}.AppStore|ARM.Build.0 = Release|Any CPU
		{A40AD708-3FF5-42FC-92B0-8D93FF1DB58F}.AppStore|ARM64.ActiveCfg = Debug|Any CPU
		{A40AD708-3FF5-42FC-92B0-8D93FF1DB58F}.AppStore|ARM64.Build.0 = Debug|Any CPU
		{A40AD708-3FF5-42FC-92B0-8D93FF1DB58F}.AppStore|iPhone.ActiveCfg = Release|Any CPU
		{A40AD708-3FF5-42FC-92B0-8D93FF1DB58F}.AppStore|iPhone.Build.0 = Release|Any CPU
		{A40AD708-3FF5-42FC-92B0-8D93FF1DB58F}.AppStore|iPhoneSimulator.ActiveCfg = Release|Any CPU
		{A40AD708-3FF5-42FC-92B0-8D93FF1DB58F}.AppStore|iPhoneSimulator.Build.0 = Release|Any CPU
		{A40AD708-3FF5-42FC-92B0-8D93FF1DB58F}.AppStore|x64.ActiveCfg = Release|Any CPU
		{A40AD708-3FF5-42FC-92B0-8D93FF1DB58F}.AppStore|x64.Build.0 = Release|Any CPU
		{A40AD708-3FF5-42FC-92B0-8D93FF1DB58F}.AppStore|x86.ActiveCfg = Release|Any CPU
		{A40AD708-3FF5-42FC-92B0-8D93FF1DB58F}.AppStore|x86.Build.0 = Release|Any CPU
		{A40AD708-3FF5-42FC-92B0-8D93FF1DB58F}.Debug|Any CPU.ActiveCfg = Debug|Any CPU
		{A40AD708-3FF5-42FC-92B0-8D93FF1DB58F}.Debug|Any CPU.Build.0 = Debug|Any CPU
		{A40AD708-3FF5-42FC-92B0-8D93FF1DB58F}.Debug|ARM.ActiveCfg = Debug|Any CPU
		{A40AD708-3FF5-42FC-92B0-8D93FF1DB58F}.Debug|ARM.Build.0 = Debug|Any CPU
		{A40AD708-3FF5-42FC-92B0-8D93FF1DB58F}.Debug|ARM64.ActiveCfg = Debug|Any CPU
		{A40AD708-3FF5-42FC-92B0-8D93FF1DB58F}.Debug|ARM64.Build.0 = Debug|Any CPU
		{A40AD708-3FF5-42FC-92B0-8D93FF1DB58F}.Debug|iPhone.ActiveCfg = Debug|Any CPU
		{A40AD708-3FF5-42FC-92B0-8D93FF1DB58F}.Debug|iPhone.Build.0 = Debug|Any CPU
		{A40AD708-3FF5-42FC-92B0-8D93FF1DB58F}.Debug|iPhoneSimulator.ActiveCfg = Debug|Any CPU
		{A40AD708-3FF5-42FC-92B0-8D93FF1DB58F}.Debug|iPhoneSimulator.Build.0 = Debug|Any CPU
		{A40AD708-3FF5-42FC-92B0-8D93FF1DB58F}.Debug|x64.ActiveCfg = Debug|Any CPU
		{A40AD708-3FF5-42FC-92B0-8D93FF1DB58F}.Debug|x64.Build.0 = Debug|Any CPU
		{A40AD708-3FF5-42FC-92B0-8D93FF1DB58F}.Debug|x86.ActiveCfg = Debug|Any CPU
		{A40AD708-3FF5-42FC-92B0-8D93FF1DB58F}.Debug|x86.Build.0 = Debug|Any CPU
		{A40AD708-3FF5-42FC-92B0-8D93FF1DB58F}.Release|Any CPU.ActiveCfg = Release|Any CPU
		{A40AD708-3FF5-42FC-92B0-8D93FF1DB58F}.Release|Any CPU.Build.0 = Release|Any CPU
		{A40AD708-3FF5-42FC-92B0-8D93FF1DB58F}.Release|ARM.ActiveCfg = Release|Any CPU
		{A40AD708-3FF5-42FC-92B0-8D93FF1DB58F}.Release|ARM.Build.0 = Release|Any CPU
		{A40AD708-3FF5-42FC-92B0-8D93FF1DB58F}.Release|ARM64.ActiveCfg = Release|Any CPU
		{A40AD708-3FF5-42FC-92B0-8D93FF1DB58F}.Release|ARM64.Build.0 = Release|Any CPU
		{A40AD708-3FF5-42FC-92B0-8D93FF1DB58F}.Release|iPhone.ActiveCfg = Release|Any CPU
		{A40AD708-3FF5-42FC-92B0-8D93FF1DB58F}.Release|iPhone.Build.0 = Release|Any CPU
		{A40AD708-3FF5-42FC-92B0-8D93FF1DB58F}.Release|iPhoneSimulator.ActiveCfg = Release|Any CPU
		{A40AD708-3FF5-42FC-92B0-8D93FF1DB58F}.Release|iPhoneSimulator.Build.0 = Release|Any CPU
		{A40AD708-3FF5-42FC-92B0-8D93FF1DB58F}.Release|x64.ActiveCfg = Release|Any CPU
		{A40AD708-3FF5-42FC-92B0-8D93FF1DB58F}.Release|x64.Build.0 = Release|Any CPU
		{A40AD708-3FF5-42FC-92B0-8D93FF1DB58F}.Release|x86.ActiveCfg = Release|Any CPU
		{A40AD708-3FF5-42FC-92B0-8D93FF1DB58F}.Release|x86.Build.0 = Release|Any CPU
		{6B6E500B-B75C-4A27-A73E-9F4DE5FE6ED3}.Ad-Hoc|Any CPU.ActiveCfg = Release|Any CPU
		{6B6E500B-B75C-4A27-A73E-9F4DE5FE6ED3}.Ad-Hoc|Any CPU.Build.0 = Release|Any CPU
		{6B6E500B-B75C-4A27-A73E-9F4DE5FE6ED3}.Ad-Hoc|ARM.ActiveCfg = Release|Any CPU
		{6B6E500B-B75C-4A27-A73E-9F4DE5FE6ED3}.Ad-Hoc|ARM.Build.0 = Release|Any CPU
		{6B6E500B-B75C-4A27-A73E-9F4DE5FE6ED3}.Ad-Hoc|ARM64.ActiveCfg = Debug|Any CPU
		{6B6E500B-B75C-4A27-A73E-9F4DE5FE6ED3}.Ad-Hoc|ARM64.Build.0 = Debug|Any CPU
		{6B6E500B-B75C-4A27-A73E-9F4DE5FE6ED3}.Ad-Hoc|iPhone.ActiveCfg = Release|Any CPU
		{6B6E500B-B75C-4A27-A73E-9F4DE5FE6ED3}.Ad-Hoc|iPhone.Build.0 = Release|Any CPU
		{6B6E500B-B75C-4A27-A73E-9F4DE5FE6ED3}.Ad-Hoc|iPhoneSimulator.ActiveCfg = Release|Any CPU
		{6B6E500B-B75C-4A27-A73E-9F4DE5FE6ED3}.Ad-Hoc|iPhoneSimulator.Build.0 = Release|Any CPU
		{6B6E500B-B75C-4A27-A73E-9F4DE5FE6ED3}.Ad-Hoc|x64.ActiveCfg = Release|Any CPU
		{6B6E500B-B75C-4A27-A73E-9F4DE5FE6ED3}.Ad-Hoc|x64.Build.0 = Release|Any CPU
		{6B6E500B-B75C-4A27-A73E-9F4DE5FE6ED3}.Ad-Hoc|x86.ActiveCfg = Release|Any CPU
		{6B6E500B-B75C-4A27-A73E-9F4DE5FE6ED3}.Ad-Hoc|x86.Build.0 = Release|Any CPU
		{6B6E500B-B75C-4A27-A73E-9F4DE5FE6ED3}.AppStore|Any CPU.ActiveCfg = Release|Any CPU
		{6B6E500B-B75C-4A27-A73E-9F4DE5FE6ED3}.AppStore|Any CPU.Build.0 = Release|Any CPU
		{6B6E500B-B75C-4A27-A73E-9F4DE5FE6ED3}.AppStore|ARM.ActiveCfg = Release|Any CPU
		{6B6E500B-B75C-4A27-A73E-9F4DE5FE6ED3}.AppStore|ARM.Build.0 = Release|Any CPU
		{6B6E500B-B75C-4A27-A73E-9F4DE5FE6ED3}.AppStore|ARM64.ActiveCfg = Debug|Any CPU
		{6B6E500B-B75C-4A27-A73E-9F4DE5FE6ED3}.AppStore|ARM64.Build.0 = Debug|Any CPU
		{6B6E500B-B75C-4A27-A73E-9F4DE5FE6ED3}.AppStore|iPhone.ActiveCfg = Release|Any CPU
		{6B6E500B-B75C-4A27-A73E-9F4DE5FE6ED3}.AppStore|iPhone.Build.0 = Release|Any CPU
		{6B6E500B-B75C-4A27-A73E-9F4DE5FE6ED3}.AppStore|iPhoneSimulator.ActiveCfg = Release|Any CPU
		{6B6E500B-B75C-4A27-A73E-9F4DE5FE6ED3}.AppStore|iPhoneSimulator.Build.0 = Release|Any CPU
		{6B6E500B-B75C-4A27-A73E-9F4DE5FE6ED3}.AppStore|x64.ActiveCfg = Release|Any CPU
		{6B6E500B-B75C-4A27-A73E-9F4DE5FE6ED3}.AppStore|x64.Build.0 = Release|Any CPU
		{6B6E500B-B75C-4A27-A73E-9F4DE5FE6ED3}.AppStore|x86.ActiveCfg = Release|Any CPU
		{6B6E500B-B75C-4A27-A73E-9F4DE5FE6ED3}.AppStore|x86.Build.0 = Release|Any CPU
		{6B6E500B-B75C-4A27-A73E-9F4DE5FE6ED3}.Debug|Any CPU.ActiveCfg = Debug|Any CPU
		{6B6E500B-B75C-4A27-A73E-9F4DE5FE6ED3}.Debug|Any CPU.Build.0 = Debug|Any CPU
		{6B6E500B-B75C-4A27-A73E-9F4DE5FE6ED3}.Debug|ARM.ActiveCfg = Debug|Any CPU
		{6B6E500B-B75C-4A27-A73E-9F4DE5FE6ED3}.Debug|ARM.Build.0 = Debug|Any CPU
		{6B6E500B-B75C-4A27-A73E-9F4DE5FE6ED3}.Debug|ARM64.ActiveCfg = Debug|Any CPU
		{6B6E500B-B75C-4A27-A73E-9F4DE5FE6ED3}.Debug|ARM64.Build.0 = Debug|Any CPU
		{6B6E500B-B75C-4A27-A73E-9F4DE5FE6ED3}.Debug|iPhone.ActiveCfg = Debug|Any CPU
		{6B6E500B-B75C-4A27-A73E-9F4DE5FE6ED3}.Debug|iPhone.Build.0 = Debug|Any CPU
		{6B6E500B-B75C-4A27-A73E-9F4DE5FE6ED3}.Debug|iPhoneSimulator.ActiveCfg = Debug|Any CPU
		{6B6E500B-B75C-4A27-A73E-9F4DE5FE6ED3}.Debug|iPhoneSimulator.Build.0 = Debug|Any CPU
		{6B6E500B-B75C-4A27-A73E-9F4DE5FE6ED3}.Debug|x64.ActiveCfg = Debug|Any CPU
		{6B6E500B-B75C-4A27-A73E-9F4DE5FE6ED3}.Debug|x64.Build.0 = Debug|Any CPU
		{6B6E500B-B75C-4A27-A73E-9F4DE5FE6ED3}.Debug|x86.ActiveCfg = Debug|Any CPU
		{6B6E500B-B75C-4A27-A73E-9F4DE5FE6ED3}.Debug|x86.Build.0 = Debug|Any CPU
		{6B6E500B-B75C-4A27-A73E-9F4DE5FE6ED3}.Release|Any CPU.ActiveCfg = Release|Any CPU
		{6B6E500B-B75C-4A27-A73E-9F4DE5FE6ED3}.Release|Any CPU.Build.0 = Release|Any CPU
		{6B6E500B-B75C-4A27-A73E-9F4DE5FE6ED3}.Release|ARM.ActiveCfg = Release|Any CPU
		{6B6E500B-B75C-4A27-A73E-9F4DE5FE6ED3}.Release|ARM.Build.0 = Release|Any CPU
		{6B6E500B-B75C-4A27-A73E-9F4DE5FE6ED3}.Release|ARM64.ActiveCfg = Release|Any CPU
		{6B6E500B-B75C-4A27-A73E-9F4DE5FE6ED3}.Release|ARM64.Build.0 = Release|Any CPU
		{6B6E500B-B75C-4A27-A73E-9F4DE5FE6ED3}.Release|iPhone.ActiveCfg = Release|Any CPU
		{6B6E500B-B75C-4A27-A73E-9F4DE5FE6ED3}.Release|iPhone.Build.0 = Release|Any CPU
		{6B6E500B-B75C-4A27-A73E-9F4DE5FE6ED3}.Release|iPhoneSimulator.ActiveCfg = Release|Any CPU
		{6B6E500B-B75C-4A27-A73E-9F4DE5FE6ED3}.Release|iPhoneSimulator.Build.0 = Release|Any CPU
		{6B6E500B-B75C-4A27-A73E-9F4DE5FE6ED3}.Release|x64.ActiveCfg = Release|Any CPU
		{6B6E500B-B75C-4A27-A73E-9F4DE5FE6ED3}.Release|x64.Build.0 = Release|Any CPU
		{6B6E500B-B75C-4A27-A73E-9F4DE5FE6ED3}.Release|x86.ActiveCfg = Release|Any CPU
		{6B6E500B-B75C-4A27-A73E-9F4DE5FE6ED3}.Release|x86.Build.0 = Release|Any CPU
		{017BFF60-40E6-4520-8554-5862A95EF123}.Ad-Hoc|Any CPU.ActiveCfg = Release|Any CPU
		{017BFF60-40E6-4520-8554-5862A95EF123}.Ad-Hoc|Any CPU.Build.0 = Release|Any CPU
		{017BFF60-40E6-4520-8554-5862A95EF123}.Ad-Hoc|ARM.ActiveCfg = Release|Any CPU
		{017BFF60-40E6-4520-8554-5862A95EF123}.Ad-Hoc|ARM.Build.0 = Release|Any CPU
		{017BFF60-40E6-4520-8554-5862A95EF123}.Ad-Hoc|ARM64.ActiveCfg = Debug|Any CPU
		{017BFF60-40E6-4520-8554-5862A95EF123}.Ad-Hoc|ARM64.Build.0 = Debug|Any CPU
		{017BFF60-40E6-4520-8554-5862A95EF123}.Ad-Hoc|iPhone.ActiveCfg = Release|Any CPU
		{017BFF60-40E6-4520-8554-5862A95EF123}.Ad-Hoc|iPhone.Build.0 = Release|Any CPU
		{017BFF60-40E6-4520-8554-5862A95EF123}.Ad-Hoc|iPhoneSimulator.ActiveCfg = Release|Any CPU
		{017BFF60-40E6-4520-8554-5862A95EF123}.Ad-Hoc|iPhoneSimulator.Build.0 = Release|Any CPU
		{017BFF60-40E6-4520-8554-5862A95EF123}.Ad-Hoc|x64.ActiveCfg = Release|Any CPU
		{017BFF60-40E6-4520-8554-5862A95EF123}.Ad-Hoc|x64.Build.0 = Release|Any CPU
		{017BFF60-40E6-4520-8554-5862A95EF123}.Ad-Hoc|x86.ActiveCfg = Release|Any CPU
		{017BFF60-40E6-4520-8554-5862A95EF123}.Ad-Hoc|x86.Build.0 = Release|Any CPU
		{017BFF60-40E6-4520-8554-5862A95EF123}.AppStore|Any CPU.ActiveCfg = Release|Any CPU
		{017BFF60-40E6-4520-8554-5862A95EF123}.AppStore|Any CPU.Build.0 = Release|Any CPU
		{017BFF60-40E6-4520-8554-5862A95EF123}.AppStore|ARM.ActiveCfg = Release|Any CPU
		{017BFF60-40E6-4520-8554-5862A95EF123}.AppStore|ARM.Build.0 = Release|Any CPU
		{017BFF60-40E6-4520-8554-5862A95EF123}.AppStore|ARM64.ActiveCfg = Debug|Any CPU
		{017BFF60-40E6-4520-8554-5862A95EF123}.AppStore|ARM64.Build.0 = Debug|Any CPU
		{017BFF60-40E6-4520-8554-5862A95EF123}.AppStore|iPhone.ActiveCfg = Release|Any CPU
		{017BFF60-40E6-4520-8554-5862A95EF123}.AppStore|iPhone.Build.0 = Release|Any CPU
		{017BFF60-40E6-4520-8554-5862A95EF123}.AppStore|iPhoneSimulator.ActiveCfg = Release|Any CPU
		{017BFF60-40E6-4520-8554-5862A95EF123}.AppStore|iPhoneSimulator.Build.0 = Release|Any CPU
		{017BFF60-40E6-4520-8554-5862A95EF123}.AppStore|x64.ActiveCfg = Release|Any CPU
		{017BFF60-40E6-4520-8554-5862A95EF123}.AppStore|x64.Build.0 = Release|Any CPU
		{017BFF60-40E6-4520-8554-5862A95EF123}.AppStore|x86.ActiveCfg = Release|Any CPU
		{017BFF60-40E6-4520-8554-5862A95EF123}.AppStore|x86.Build.0 = Release|Any CPU
		{017BFF60-40E6-4520-8554-5862A95EF123}.Debug|Any CPU.ActiveCfg = Debug|Any CPU
		{017BFF60-40E6-4520-8554-5862A95EF123}.Debug|Any CPU.Build.0 = Debug|Any CPU
		{017BFF60-40E6-4520-8554-5862A95EF123}.Debug|ARM.ActiveCfg = Debug|Any CPU
		{017BFF60-40E6-4520-8554-5862A95EF123}.Debug|ARM.Build.0 = Debug|Any CPU
		{017BFF60-40E6-4520-8554-5862A95EF123}.Debug|ARM64.ActiveCfg = Debug|Any CPU
		{017BFF60-40E6-4520-8554-5862A95EF123}.Debug|ARM64.Build.0 = Debug|Any CPU
		{017BFF60-40E6-4520-8554-5862A95EF123}.Debug|iPhone.ActiveCfg = Debug|Any CPU
		{017BFF60-40E6-4520-8554-5862A95EF123}.Debug|iPhone.Build.0 = Debug|Any CPU
		{017BFF60-40E6-4520-8554-5862A95EF123}.Debug|iPhoneSimulator.ActiveCfg = Debug|Any CPU
		{017BFF60-40E6-4520-8554-5862A95EF123}.Debug|iPhoneSimulator.Build.0 = Debug|Any CPU
		{017BFF60-40E6-4520-8554-5862A95EF123}.Debug|x64.ActiveCfg = Debug|Any CPU
		{017BFF60-40E6-4520-8554-5862A95EF123}.Debug|x64.Build.0 = Debug|Any CPU
		{017BFF60-40E6-4520-8554-5862A95EF123}.Debug|x86.ActiveCfg = Debug|Any CPU
		{017BFF60-40E6-4520-8554-5862A95EF123}.Debug|x86.Build.0 = Debug|Any CPU
		{017BFF60-40E6-4520-8554-5862A95EF123}.Release|Any CPU.ActiveCfg = Release|Any CPU
		{017BFF60-40E6-4520-8554-5862A95EF123}.Release|Any CPU.Build.0 = Release|Any CPU
		{017BFF60-40E6-4520-8554-5862A95EF123}.Release|ARM.ActiveCfg = Release|Any CPU
		{017BFF60-40E6-4520-8554-5862A95EF123}.Release|ARM.Build.0 = Release|Any CPU
		{017BFF60-40E6-4520-8554-5862A95EF123}.Release|ARM64.ActiveCfg = Release|Any CPU
		{017BFF60-40E6-4520-8554-5862A95EF123}.Release|ARM64.Build.0 = Release|Any CPU
		{017BFF60-40E6-4520-8554-5862A95EF123}.Release|iPhone.ActiveCfg = Release|Any CPU
		{017BFF60-40E6-4520-8554-5862A95EF123}.Release|iPhone.Build.0 = Release|Any CPU
		{017BFF60-40E6-4520-8554-5862A95EF123}.Release|iPhoneSimulator.ActiveCfg = Release|Any CPU
		{017BFF60-40E6-4520-8554-5862A95EF123}.Release|iPhoneSimulator.Build.0 = Release|Any CPU
		{017BFF60-40E6-4520-8554-5862A95EF123}.Release|x64.ActiveCfg = Release|Any CPU
		{017BFF60-40E6-4520-8554-5862A95EF123}.Release|x64.Build.0 = Release|Any CPU
		{017BFF60-40E6-4520-8554-5862A95EF123}.Release|x86.ActiveCfg = Release|Any CPU
		{017BFF60-40E6-4520-8554-5862A95EF123}.Release|x86.Build.0 = Release|Any CPU
		{ADCF519D-64E1-4902-8B94-041C53DFF6AD}.Ad-Hoc|Any CPU.ActiveCfg = Release|Any CPU
		{ADCF519D-64E1-4902-8B94-041C53DFF6AD}.Ad-Hoc|Any CPU.Build.0 = Release|Any CPU
		{ADCF519D-64E1-4902-8B94-041C53DFF6AD}.Ad-Hoc|ARM.ActiveCfg = Release|Any CPU
		{ADCF519D-64E1-4902-8B94-041C53DFF6AD}.Ad-Hoc|ARM.Build.0 = Release|Any CPU
		{ADCF519D-64E1-4902-8B94-041C53DFF6AD}.Ad-Hoc|ARM64.ActiveCfg = Debug|Any CPU
		{ADCF519D-64E1-4902-8B94-041C53DFF6AD}.Ad-Hoc|ARM64.Build.0 = Debug|Any CPU
		{ADCF519D-64E1-4902-8B94-041C53DFF6AD}.Ad-Hoc|iPhone.ActiveCfg = Release|Any CPU
		{ADCF519D-64E1-4902-8B94-041C53DFF6AD}.Ad-Hoc|iPhone.Build.0 = Release|Any CPU
		{ADCF519D-64E1-4902-8B94-041C53DFF6AD}.Ad-Hoc|iPhoneSimulator.ActiveCfg = Release|Any CPU
		{ADCF519D-64E1-4902-8B94-041C53DFF6AD}.Ad-Hoc|iPhoneSimulator.Build.0 = Release|Any CPU
		{ADCF519D-64E1-4902-8B94-041C53DFF6AD}.Ad-Hoc|x64.ActiveCfg = Release|Any CPU
		{ADCF519D-64E1-4902-8B94-041C53DFF6AD}.Ad-Hoc|x64.Build.0 = Release|Any CPU
		{ADCF519D-64E1-4902-8B94-041C53DFF6AD}.Ad-Hoc|x86.ActiveCfg = Release|Any CPU
		{ADCF519D-64E1-4902-8B94-041C53DFF6AD}.Ad-Hoc|x86.Build.0 = Release|Any CPU
		{ADCF519D-64E1-4902-8B94-041C53DFF6AD}.AppStore|Any CPU.ActiveCfg = Release|Any CPU
		{ADCF519D-64E1-4902-8B94-041C53DFF6AD}.AppStore|Any CPU.Build.0 = Release|Any CPU
		{ADCF519D-64E1-4902-8B94-041C53DFF6AD}.AppStore|ARM.ActiveCfg = Release|Any CPU
		{ADCF519D-64E1-4902-8B94-041C53DFF6AD}.AppStore|ARM.Build.0 = Release|Any CPU
		{ADCF519D-64E1-4902-8B94-041C53DFF6AD}.AppStore|ARM64.ActiveCfg = Debug|Any CPU
		{ADCF519D-64E1-4902-8B94-041C53DFF6AD}.AppStore|ARM64.Build.0 = Debug|Any CPU
		{ADCF519D-64E1-4902-8B94-041C53DFF6AD}.AppStore|iPhone.ActiveCfg = Release|Any CPU
		{ADCF519D-64E1-4902-8B94-041C53DFF6AD}.AppStore|iPhone.Build.0 = Release|Any CPU
		{ADCF519D-64E1-4902-8B94-041C53DFF6AD}.AppStore|iPhoneSimulator.ActiveCfg = Release|Any CPU
		{ADCF519D-64E1-4902-8B94-041C53DFF6AD}.AppStore|iPhoneSimulator.Build.0 = Release|Any CPU
		{ADCF519D-64E1-4902-8B94-041C53DFF6AD}.AppStore|x64.ActiveCfg = Release|Any CPU
		{ADCF519D-64E1-4902-8B94-041C53DFF6AD}.AppStore|x64.Build.0 = Release|Any CPU
		{ADCF519D-64E1-4902-8B94-041C53DFF6AD}.AppStore|x86.ActiveCfg = Release|Any CPU
		{ADCF519D-64E1-4902-8B94-041C53DFF6AD}.AppStore|x86.Build.0 = Release|Any CPU
		{ADCF519D-64E1-4902-8B94-041C53DFF6AD}.Debug|Any CPU.ActiveCfg = Debug|Any CPU
		{ADCF519D-64E1-4902-8B94-041C53DFF6AD}.Debug|Any CPU.Build.0 = Debug|Any CPU
		{ADCF519D-64E1-4902-8B94-041C53DFF6AD}.Debug|ARM.ActiveCfg = Debug|Any CPU
		{ADCF519D-64E1-4902-8B94-041C53DFF6AD}.Debug|ARM.Build.0 = Debug|Any CPU
		{ADCF519D-64E1-4902-8B94-041C53DFF6AD}.Debug|ARM64.ActiveCfg = Debug|Any CPU
		{ADCF519D-64E1-4902-8B94-041C53DFF6AD}.Debug|ARM64.Build.0 = Debug|Any CPU
		{ADCF519D-64E1-4902-8B94-041C53DFF6AD}.Debug|iPhone.ActiveCfg = Debug|Any CPU
		{ADCF519D-64E1-4902-8B94-041C53DFF6AD}.Debug|iPhone.Build.0 = Debug|Any CPU
		{ADCF519D-64E1-4902-8B94-041C53DFF6AD}.Debug|iPhoneSimulator.ActiveCfg = Debug|Any CPU
		{ADCF519D-64E1-4902-8B94-041C53DFF6AD}.Debug|iPhoneSimulator.Build.0 = Debug|Any CPU
		{ADCF519D-64E1-4902-8B94-041C53DFF6AD}.Debug|x64.ActiveCfg = Debug|Any CPU
		{ADCF519D-64E1-4902-8B94-041C53DFF6AD}.Debug|x64.Build.0 = Debug|Any CPU
		{ADCF519D-64E1-4902-8B94-041C53DFF6AD}.Debug|x86.ActiveCfg = Debug|Any CPU
		{ADCF519D-64E1-4902-8B94-041C53DFF6AD}.Debug|x86.Build.0 = Debug|Any CPU
		{ADCF519D-64E1-4902-8B94-041C53DFF6AD}.Release|Any CPU.ActiveCfg = Release|Any CPU
		{ADCF519D-64E1-4902-8B94-041C53DFF6AD}.Release|Any CPU.Build.0 = Release|Any CPU
		{ADCF519D-64E1-4902-8B94-041C53DFF6AD}.Release|ARM.ActiveCfg = Release|Any CPU
		{ADCF519D-64E1-4902-8B94-041C53DFF6AD}.Release|ARM.Build.0 = Release|Any CPU
		{ADCF519D-64E1-4902-8B94-041C53DFF6AD}.Release|ARM64.ActiveCfg = Release|Any CPU
		{ADCF519D-64E1-4902-8B94-041C53DFF6AD}.Release|ARM64.Build.0 = Release|Any CPU
		{ADCF519D-64E1-4902-8B94-041C53DFF6AD}.Release|iPhone.ActiveCfg = Release|Any CPU
		{ADCF519D-64E1-4902-8B94-041C53DFF6AD}.Release|iPhone.Build.0 = Release|Any CPU
		{ADCF519D-64E1-4902-8B94-041C53DFF6AD}.Release|iPhoneSimulator.ActiveCfg = Release|Any CPU
		{ADCF519D-64E1-4902-8B94-041C53DFF6AD}.Release|iPhoneSimulator.Build.0 = Release|Any CPU
		{ADCF519D-64E1-4902-8B94-041C53DFF6AD}.Release|x64.ActiveCfg = Release|Any CPU
		{ADCF519D-64E1-4902-8B94-041C53DFF6AD}.Release|x64.Build.0 = Release|Any CPU
		{ADCF519D-64E1-4902-8B94-041C53DFF6AD}.Release|x86.ActiveCfg = Release|Any CPU
		{ADCF519D-64E1-4902-8B94-041C53DFF6AD}.Release|x86.Build.0 = Release|Any CPU
		{C3507DFC-5750-4F23-ADC9-C9F3EB08046B}.Ad-Hoc|Any CPU.ActiveCfg = Release|Any CPU
		{C3507DFC-5750-4F23-ADC9-C9F3EB08046B}.Ad-Hoc|Any CPU.Build.0 = Release|Any CPU
		{C3507DFC-5750-4F23-ADC9-C9F3EB08046B}.Ad-Hoc|Any CPU.Deploy.0 = Release|Any CPU
		{C3507DFC-5750-4F23-ADC9-C9F3EB08046B}.Ad-Hoc|ARM.ActiveCfg = Release|Any CPU
		{C3507DFC-5750-4F23-ADC9-C9F3EB08046B}.Ad-Hoc|ARM.Build.0 = Release|Any CPU
		{C3507DFC-5750-4F23-ADC9-C9F3EB08046B}.Ad-Hoc|ARM.Deploy.0 = Release|Any CPU
		{C3507DFC-5750-4F23-ADC9-C9F3EB08046B}.Ad-Hoc|ARM64.ActiveCfg = Debug|Any CPU
		{C3507DFC-5750-4F23-ADC9-C9F3EB08046B}.Ad-Hoc|ARM64.Build.0 = Debug|Any CPU
		{C3507DFC-5750-4F23-ADC9-C9F3EB08046B}.Ad-Hoc|ARM64.Deploy.0 = Debug|Any CPU
		{C3507DFC-5750-4F23-ADC9-C9F3EB08046B}.Ad-Hoc|iPhone.ActiveCfg = Release|Any CPU
		{C3507DFC-5750-4F23-ADC9-C9F3EB08046B}.Ad-Hoc|iPhone.Build.0 = Release|Any CPU
		{C3507DFC-5750-4F23-ADC9-C9F3EB08046B}.Ad-Hoc|iPhone.Deploy.0 = Release|Any CPU
		{C3507DFC-5750-4F23-ADC9-C9F3EB08046B}.Ad-Hoc|iPhoneSimulator.ActiveCfg = Release|Any CPU
		{C3507DFC-5750-4F23-ADC9-C9F3EB08046B}.Ad-Hoc|iPhoneSimulator.Build.0 = Release|Any CPU
		{C3507DFC-5750-4F23-ADC9-C9F3EB08046B}.Ad-Hoc|iPhoneSimulator.Deploy.0 = Release|Any CPU
		{C3507DFC-5750-4F23-ADC9-C9F3EB08046B}.Ad-Hoc|x64.ActiveCfg = Release|Any CPU
		{C3507DFC-5750-4F23-ADC9-C9F3EB08046B}.Ad-Hoc|x64.Build.0 = Release|Any CPU
		{C3507DFC-5750-4F23-ADC9-C9F3EB08046B}.Ad-Hoc|x64.Deploy.0 = Release|Any CPU
		{C3507DFC-5750-4F23-ADC9-C9F3EB08046B}.Ad-Hoc|x86.ActiveCfg = Release|Any CPU
		{C3507DFC-5750-4F23-ADC9-C9F3EB08046B}.Ad-Hoc|x86.Build.0 = Release|Any CPU
		{C3507DFC-5750-4F23-ADC9-C9F3EB08046B}.Ad-Hoc|x86.Deploy.0 = Release|Any CPU
		{C3507DFC-5750-4F23-ADC9-C9F3EB08046B}.AppStore|Any CPU.ActiveCfg = Release|Any CPU
		{C3507DFC-5750-4F23-ADC9-C9F3EB08046B}.AppStore|Any CPU.Build.0 = Release|Any CPU
		{C3507DFC-5750-4F23-ADC9-C9F3EB08046B}.AppStore|Any CPU.Deploy.0 = Release|Any CPU
		{C3507DFC-5750-4F23-ADC9-C9F3EB08046B}.AppStore|ARM.ActiveCfg = Release|Any CPU
		{C3507DFC-5750-4F23-ADC9-C9F3EB08046B}.AppStore|ARM.Build.0 = Release|Any CPU
		{C3507DFC-5750-4F23-ADC9-C9F3EB08046B}.AppStore|ARM.Deploy.0 = Release|Any CPU
		{C3507DFC-5750-4F23-ADC9-C9F3EB08046B}.AppStore|ARM64.ActiveCfg = Debug|Any CPU
		{C3507DFC-5750-4F23-ADC9-C9F3EB08046B}.AppStore|ARM64.Build.0 = Debug|Any CPU
		{C3507DFC-5750-4F23-ADC9-C9F3EB08046B}.AppStore|ARM64.Deploy.0 = Debug|Any CPU
		{C3507DFC-5750-4F23-ADC9-C9F3EB08046B}.AppStore|iPhone.ActiveCfg = Release|Any CPU
		{C3507DFC-5750-4F23-ADC9-C9F3EB08046B}.AppStore|iPhone.Build.0 = Release|Any CPU
		{C3507DFC-5750-4F23-ADC9-C9F3EB08046B}.AppStore|iPhone.Deploy.0 = Release|Any CPU
		{C3507DFC-5750-4F23-ADC9-C9F3EB08046B}.AppStore|iPhoneSimulator.ActiveCfg = Release|Any CPU
		{C3507DFC-5750-4F23-ADC9-C9F3EB08046B}.AppStore|iPhoneSimulator.Build.0 = Release|Any CPU
		{C3507DFC-5750-4F23-ADC9-C9F3EB08046B}.AppStore|iPhoneSimulator.Deploy.0 = Release|Any CPU
		{C3507DFC-5750-4F23-ADC9-C9F3EB08046B}.AppStore|x64.ActiveCfg = Release|Any CPU
		{C3507DFC-5750-4F23-ADC9-C9F3EB08046B}.AppStore|x64.Build.0 = Release|Any CPU
		{C3507DFC-5750-4F23-ADC9-C9F3EB08046B}.AppStore|x64.Deploy.0 = Release|Any CPU
		{C3507DFC-5750-4F23-ADC9-C9F3EB08046B}.AppStore|x86.ActiveCfg = Release|Any CPU
		{C3507DFC-5750-4F23-ADC9-C9F3EB08046B}.AppStore|x86.Build.0 = Release|Any CPU
		{C3507DFC-5750-4F23-ADC9-C9F3EB08046B}.AppStore|x86.Deploy.0 = Release|Any CPU
		{C3507DFC-5750-4F23-ADC9-C9F3EB08046B}.Debug|Any CPU.ActiveCfg = Debug|Any CPU
		{C3507DFC-5750-4F23-ADC9-C9F3EB08046B}.Debug|Any CPU.Build.0 = Debug|Any CPU
		{C3507DFC-5750-4F23-ADC9-C9F3EB08046B}.Debug|ARM.ActiveCfg = Debug|Any CPU
		{C3507DFC-5750-4F23-ADC9-C9F3EB08046B}.Debug|ARM.Build.0 = Debug|Any CPU
		{C3507DFC-5750-4F23-ADC9-C9F3EB08046B}.Debug|ARM.Deploy.0 = Debug|Any CPU
		{C3507DFC-5750-4F23-ADC9-C9F3EB08046B}.Debug|ARM64.ActiveCfg = Debug|Any CPU
		{C3507DFC-5750-4F23-ADC9-C9F3EB08046B}.Debug|ARM64.Build.0 = Debug|Any CPU
		{C3507DFC-5750-4F23-ADC9-C9F3EB08046B}.Debug|ARM64.Deploy.0 = Debug|Any CPU
		{C3507DFC-5750-4F23-ADC9-C9F3EB08046B}.Debug|iPhone.ActiveCfg = Debug|Any CPU
		{C3507DFC-5750-4F23-ADC9-C9F3EB08046B}.Debug|iPhone.Build.0 = Debug|Any CPU
		{C3507DFC-5750-4F23-ADC9-C9F3EB08046B}.Debug|iPhoneSimulator.ActiveCfg = Debug|Any CPU
		{C3507DFC-5750-4F23-ADC9-C9F3EB08046B}.Debug|iPhoneSimulator.Build.0 = Debug|Any CPU
		{C3507DFC-5750-4F23-ADC9-C9F3EB08046B}.Debug|iPhoneSimulator.Deploy.0 = Debug|Any CPU
		{C3507DFC-5750-4F23-ADC9-C9F3EB08046B}.Debug|x64.ActiveCfg = Debug|Any CPU
		{C3507DFC-5750-4F23-ADC9-C9F3EB08046B}.Debug|x64.Build.0 = Debug|Any CPU
		{C3507DFC-5750-4F23-ADC9-C9F3EB08046B}.Debug|x64.Deploy.0 = Debug|Any CPU
		{C3507DFC-5750-4F23-ADC9-C9F3EB08046B}.Debug|x86.ActiveCfg = Debug|Any CPU
		{C3507DFC-5750-4F23-ADC9-C9F3EB08046B}.Debug|x86.Build.0 = Debug|Any CPU
		{C3507DFC-5750-4F23-ADC9-C9F3EB08046B}.Debug|x86.Deploy.0 = Debug|Any CPU
		{C3507DFC-5750-4F23-ADC9-C9F3EB08046B}.Release|Any CPU.ActiveCfg = Release|Any CPU
		{C3507DFC-5750-4F23-ADC9-C9F3EB08046B}.Release|Any CPU.Build.0 = Release|Any CPU
		{C3507DFC-5750-4F23-ADC9-C9F3EB08046B}.Release|ARM.ActiveCfg = Release|Any CPU
		{C3507DFC-5750-4F23-ADC9-C9F3EB08046B}.Release|ARM.Build.0 = Release|Any CPU
		{C3507DFC-5750-4F23-ADC9-C9F3EB08046B}.Release|ARM.Deploy.0 = Release|Any CPU
		{C3507DFC-5750-4F23-ADC9-C9F3EB08046B}.Release|ARM64.ActiveCfg = Release|Any CPU
		{C3507DFC-5750-4F23-ADC9-C9F3EB08046B}.Release|ARM64.Build.0 = Release|Any CPU
		{C3507DFC-5750-4F23-ADC9-C9F3EB08046B}.Release|ARM64.Deploy.0 = Release|Any CPU
		{C3507DFC-5750-4F23-ADC9-C9F3EB08046B}.Release|iPhone.ActiveCfg = Release|Any CPU
		{C3507DFC-5750-4F23-ADC9-C9F3EB08046B}.Release|iPhone.Build.0 = Release|Any CPU
		{C3507DFC-5750-4F23-ADC9-C9F3EB08046B}.Release|iPhoneSimulator.ActiveCfg = Release|Any CPU
		{C3507DFC-5750-4F23-ADC9-C9F3EB08046B}.Release|iPhoneSimulator.Build.0 = Release|Any CPU
		{C3507DFC-5750-4F23-ADC9-C9F3EB08046B}.Release|iPhoneSimulator.Deploy.0 = Release|Any CPU
		{C3507DFC-5750-4F23-ADC9-C9F3EB08046B}.Release|x64.ActiveCfg = Release|Any CPU
		{C3507DFC-5750-4F23-ADC9-C9F3EB08046B}.Release|x64.Build.0 = Release|Any CPU
		{C3507DFC-5750-4F23-ADC9-C9F3EB08046B}.Release|x64.Deploy.0 = Release|Any CPU
		{C3507DFC-5750-4F23-ADC9-C9F3EB08046B}.Release|x86.ActiveCfg = Release|Any CPU
		{C3507DFC-5750-4F23-ADC9-C9F3EB08046B}.Release|x86.Build.0 = Release|Any CPU
		{C3507DFC-5750-4F23-ADC9-C9F3EB08046B}.Release|x86.Deploy.0 = Release|Any CPU
		{7A24E02A-2C57-4ED5-815E-70BFED6570CA}.Ad-Hoc|Any CPU.ActiveCfg = Release|Any CPU
		{7A24E02A-2C57-4ED5-815E-70BFED6570CA}.Ad-Hoc|Any CPU.Build.0 = Release|Any CPU
		{7A24E02A-2C57-4ED5-815E-70BFED6570CA}.Ad-Hoc|ARM.ActiveCfg = Release|Any CPU
		{7A24E02A-2C57-4ED5-815E-70BFED6570CA}.Ad-Hoc|ARM.Build.0 = Release|Any CPU
		{7A24E02A-2C57-4ED5-815E-70BFED6570CA}.Ad-Hoc|ARM64.ActiveCfg = Debug|Any CPU
		{7A24E02A-2C57-4ED5-815E-70BFED6570CA}.Ad-Hoc|ARM64.Build.0 = Debug|Any CPU
		{7A24E02A-2C57-4ED5-815E-70BFED6570CA}.Ad-Hoc|iPhone.ActiveCfg = Release|Any CPU
		{7A24E02A-2C57-4ED5-815E-70BFED6570CA}.Ad-Hoc|iPhone.Build.0 = Release|Any CPU
		{7A24E02A-2C57-4ED5-815E-70BFED6570CA}.Ad-Hoc|iPhoneSimulator.ActiveCfg = Release|Any CPU
		{7A24E02A-2C57-4ED5-815E-70BFED6570CA}.Ad-Hoc|iPhoneSimulator.Build.0 = Release|Any CPU
		{7A24E02A-2C57-4ED5-815E-70BFED6570CA}.Ad-Hoc|x64.ActiveCfg = Release|Any CPU
		{7A24E02A-2C57-4ED5-815E-70BFED6570CA}.Ad-Hoc|x64.Build.0 = Release|Any CPU
		{7A24E02A-2C57-4ED5-815E-70BFED6570CA}.Ad-Hoc|x86.ActiveCfg = Release|Any CPU
		{7A24E02A-2C57-4ED5-815E-70BFED6570CA}.Ad-Hoc|x86.Build.0 = Release|Any CPU
		{7A24E02A-2C57-4ED5-815E-70BFED6570CA}.AppStore|Any CPU.ActiveCfg = Release|Any CPU
		{7A24E02A-2C57-4ED5-815E-70BFED6570CA}.AppStore|Any CPU.Build.0 = Release|Any CPU
		{7A24E02A-2C57-4ED5-815E-70BFED6570CA}.AppStore|ARM.ActiveCfg = Release|Any CPU
		{7A24E02A-2C57-4ED5-815E-70BFED6570CA}.AppStore|ARM.Build.0 = Release|Any CPU
		{7A24E02A-2C57-4ED5-815E-70BFED6570CA}.AppStore|ARM64.ActiveCfg = Debug|Any CPU
		{7A24E02A-2C57-4ED5-815E-70BFED6570CA}.AppStore|ARM64.Build.0 = Debug|Any CPU
		{7A24E02A-2C57-4ED5-815E-70BFED6570CA}.AppStore|iPhone.ActiveCfg = Release|Any CPU
		{7A24E02A-2C57-4ED5-815E-70BFED6570CA}.AppStore|iPhone.Build.0 = Release|Any CPU
		{7A24E02A-2C57-4ED5-815E-70BFED6570CA}.AppStore|iPhoneSimulator.ActiveCfg = Release|Any CPU
		{7A24E02A-2C57-4ED5-815E-70BFED6570CA}.AppStore|iPhoneSimulator.Build.0 = Release|Any CPU
		{7A24E02A-2C57-4ED5-815E-70BFED6570CA}.AppStore|x64.ActiveCfg = Release|Any CPU
		{7A24E02A-2C57-4ED5-815E-70BFED6570CA}.AppStore|x64.Build.0 = Release|Any CPU
		{7A24E02A-2C57-4ED5-815E-70BFED6570CA}.AppStore|x86.ActiveCfg = Release|Any CPU
		{7A24E02A-2C57-4ED5-815E-70BFED6570CA}.AppStore|x86.Build.0 = Release|Any CPU
		{7A24E02A-2C57-4ED5-815E-70BFED6570CA}.Debug|Any CPU.ActiveCfg = Debug|Any CPU
		{7A24E02A-2C57-4ED5-815E-70BFED6570CA}.Debug|Any CPU.Build.0 = Debug|Any CPU
		{7A24E02A-2C57-4ED5-815E-70BFED6570CA}.Debug|ARM.ActiveCfg = Debug|Any CPU
		{7A24E02A-2C57-4ED5-815E-70BFED6570CA}.Debug|ARM.Build.0 = Debug|Any CPU
		{7A24E02A-2C57-4ED5-815E-70BFED6570CA}.Debug|ARM64.ActiveCfg = Debug|Any CPU
		{7A24E02A-2C57-4ED5-815E-70BFED6570CA}.Debug|ARM64.Build.0 = Debug|Any CPU
		{7A24E02A-2C57-4ED5-815E-70BFED6570CA}.Debug|iPhone.ActiveCfg = Debug|Any CPU
		{7A24E02A-2C57-4ED5-815E-70BFED6570CA}.Debug|iPhone.Build.0 = Debug|Any CPU
		{7A24E02A-2C57-4ED5-815E-70BFED6570CA}.Debug|iPhoneSimulator.ActiveCfg = Debug|Any CPU
		{7A24E02A-2C57-4ED5-815E-70BFED6570CA}.Debug|iPhoneSimulator.Build.0 = Debug|Any CPU
		{7A24E02A-2C57-4ED5-815E-70BFED6570CA}.Debug|x64.ActiveCfg = Debug|Any CPU
		{7A24E02A-2C57-4ED5-815E-70BFED6570CA}.Debug|x64.Build.0 = Debug|Any CPU
		{7A24E02A-2C57-4ED5-815E-70BFED6570CA}.Debug|x86.ActiveCfg = Debug|Any CPU
		{7A24E02A-2C57-4ED5-815E-70BFED6570CA}.Debug|x86.Build.0 = Debug|Any CPU
		{7A24E02A-2C57-4ED5-815E-70BFED6570CA}.Release|Any CPU.ActiveCfg = Release|Any CPU
		{7A24E02A-2C57-4ED5-815E-70BFED6570CA}.Release|Any CPU.Build.0 = Release|Any CPU
		{7A24E02A-2C57-4ED5-815E-70BFED6570CA}.Release|ARM.ActiveCfg = Release|Any CPU
		{7A24E02A-2C57-4ED5-815E-70BFED6570CA}.Release|ARM.Build.0 = Release|Any CPU
		{7A24E02A-2C57-4ED5-815E-70BFED6570CA}.Release|ARM64.ActiveCfg = Release|Any CPU
		{7A24E02A-2C57-4ED5-815E-70BFED6570CA}.Release|ARM64.Build.0 = Release|Any CPU
		{7A24E02A-2C57-4ED5-815E-70BFED6570CA}.Release|iPhone.ActiveCfg = Release|Any CPU
		{7A24E02A-2C57-4ED5-815E-70BFED6570CA}.Release|iPhone.Build.0 = Release|Any CPU
		{7A24E02A-2C57-4ED5-815E-70BFED6570CA}.Release|iPhoneSimulator.ActiveCfg = Release|Any CPU
		{7A24E02A-2C57-4ED5-815E-70BFED6570CA}.Release|iPhoneSimulator.Build.0 = Release|Any CPU
		{7A24E02A-2C57-4ED5-815E-70BFED6570CA}.Release|x64.ActiveCfg = Release|Any CPU
		{7A24E02A-2C57-4ED5-815E-70BFED6570CA}.Release|x64.Build.0 = Release|Any CPU
		{7A24E02A-2C57-4ED5-815E-70BFED6570CA}.Release|x86.ActiveCfg = Release|Any CPU
		{7A24E02A-2C57-4ED5-815E-70BFED6570CA}.Release|x86.Build.0 = Release|Any CPU
		{C62BE65C-C6CB-4FAF-A24C-145E7B5C858E}.Ad-Hoc|Any CPU.ActiveCfg = Release|Any CPU
		{C62BE65C-C6CB-4FAF-A24C-145E7B5C858E}.Ad-Hoc|Any CPU.Build.0 = Release|Any CPU
		{C62BE65C-C6CB-4FAF-A24C-145E7B5C858E}.Ad-Hoc|Any CPU.Deploy.0 = Release|Any CPU
		{C62BE65C-C6CB-4FAF-A24C-145E7B5C858E}.Ad-Hoc|ARM.ActiveCfg = Release|Any CPU
		{C62BE65C-C6CB-4FAF-A24C-145E7B5C858E}.Ad-Hoc|ARM.Build.0 = Release|Any CPU
		{C62BE65C-C6CB-4FAF-A24C-145E7B5C858E}.Ad-Hoc|ARM.Deploy.0 = Release|Any CPU
		{C62BE65C-C6CB-4FAF-A24C-145E7B5C858E}.Ad-Hoc|ARM64.ActiveCfg = Debug|Any CPU
		{C62BE65C-C6CB-4FAF-A24C-145E7B5C858E}.Ad-Hoc|ARM64.Build.0 = Debug|Any CPU
		{C62BE65C-C6CB-4FAF-A24C-145E7B5C858E}.Ad-Hoc|ARM64.Deploy.0 = Debug|Any CPU
		{C62BE65C-C6CB-4FAF-A24C-145E7B5C858E}.Ad-Hoc|iPhone.ActiveCfg = Release|Any CPU
		{C62BE65C-C6CB-4FAF-A24C-145E7B5C858E}.Ad-Hoc|iPhone.Build.0 = Release|Any CPU
		{C62BE65C-C6CB-4FAF-A24C-145E7B5C858E}.Ad-Hoc|iPhone.Deploy.0 = Release|Any CPU
		{C62BE65C-C6CB-4FAF-A24C-145E7B5C858E}.Ad-Hoc|iPhoneSimulator.ActiveCfg = Release|Any CPU
		{C62BE65C-C6CB-4FAF-A24C-145E7B5C858E}.Ad-Hoc|iPhoneSimulator.Build.0 = Release|Any CPU
		{C62BE65C-C6CB-4FAF-A24C-145E7B5C858E}.Ad-Hoc|iPhoneSimulator.Deploy.0 = Release|Any CPU
		{C62BE65C-C6CB-4FAF-A24C-145E7B5C858E}.Ad-Hoc|x64.ActiveCfg = Release|Any CPU
		{C62BE65C-C6CB-4FAF-A24C-145E7B5C858E}.Ad-Hoc|x64.Build.0 = Release|Any CPU
		{C62BE65C-C6CB-4FAF-A24C-145E7B5C858E}.Ad-Hoc|x64.Deploy.0 = Release|Any CPU
		{C62BE65C-C6CB-4FAF-A24C-145E7B5C858E}.Ad-Hoc|x86.ActiveCfg = Release|Any CPU
		{C62BE65C-C6CB-4FAF-A24C-145E7B5C858E}.Ad-Hoc|x86.Build.0 = Release|Any CPU
		{C62BE65C-C6CB-4FAF-A24C-145E7B5C858E}.Ad-Hoc|x86.Deploy.0 = Release|Any CPU
		{C62BE65C-C6CB-4FAF-A24C-145E7B5C858E}.AppStore|Any CPU.ActiveCfg = Release|Any CPU
		{C62BE65C-C6CB-4FAF-A24C-145E7B5C858E}.AppStore|Any CPU.Build.0 = Release|Any CPU
		{C62BE65C-C6CB-4FAF-A24C-145E7B5C858E}.AppStore|Any CPU.Deploy.0 = Release|Any CPU
		{C62BE65C-C6CB-4FAF-A24C-145E7B5C858E}.AppStore|ARM.ActiveCfg = Release|Any CPU
		{C62BE65C-C6CB-4FAF-A24C-145E7B5C858E}.AppStore|ARM.Build.0 = Release|Any CPU
		{C62BE65C-C6CB-4FAF-A24C-145E7B5C858E}.AppStore|ARM.Deploy.0 = Release|Any CPU
		{C62BE65C-C6CB-4FAF-A24C-145E7B5C858E}.AppStore|ARM64.ActiveCfg = Debug|Any CPU
		{C62BE65C-C6CB-4FAF-A24C-145E7B5C858E}.AppStore|ARM64.Build.0 = Debug|Any CPU
		{C62BE65C-C6CB-4FAF-A24C-145E7B5C858E}.AppStore|ARM64.Deploy.0 = Debug|Any CPU
		{C62BE65C-C6CB-4FAF-A24C-145E7B5C858E}.AppStore|iPhone.ActiveCfg = Release|Any CPU
		{C62BE65C-C6CB-4FAF-A24C-145E7B5C858E}.AppStore|iPhone.Build.0 = Release|Any CPU
		{C62BE65C-C6CB-4FAF-A24C-145E7B5C858E}.AppStore|iPhone.Deploy.0 = Release|Any CPU
		{C62BE65C-C6CB-4FAF-A24C-145E7B5C858E}.AppStore|iPhoneSimulator.ActiveCfg = Release|Any CPU
		{C62BE65C-C6CB-4FAF-A24C-145E7B5C858E}.AppStore|iPhoneSimulator.Build.0 = Release|Any CPU
		{C62BE65C-C6CB-4FAF-A24C-145E7B5C858E}.AppStore|iPhoneSimulator.Deploy.0 = Release|Any CPU
		{C62BE65C-C6CB-4FAF-A24C-145E7B5C858E}.AppStore|x64.ActiveCfg = Release|Any CPU
		{C62BE65C-C6CB-4FAF-A24C-145E7B5C858E}.AppStore|x64.Build.0 = Release|Any CPU
		{C62BE65C-C6CB-4FAF-A24C-145E7B5C858E}.AppStore|x64.Deploy.0 = Release|Any CPU
		{C62BE65C-C6CB-4FAF-A24C-145E7B5C858E}.AppStore|x86.ActiveCfg = Release|Any CPU
		{C62BE65C-C6CB-4FAF-A24C-145E7B5C858E}.AppStore|x86.Build.0 = Release|Any CPU
		{C62BE65C-C6CB-4FAF-A24C-145E7B5C858E}.AppStore|x86.Deploy.0 = Release|Any CPU
		{C62BE65C-C6CB-4FAF-A24C-145E7B5C858E}.Debug|Any CPU.ActiveCfg = Debug|Any CPU
		{C62BE65C-C6CB-4FAF-A24C-145E7B5C858E}.Debug|Any CPU.Build.0 = Debug|Any CPU
		{C62BE65C-C6CB-4FAF-A24C-145E7B5C858E}.Debug|Any CPU.Deploy.0 = Debug|Any CPU
		{C62BE65C-C6CB-4FAF-A24C-145E7B5C858E}.Debug|ARM.ActiveCfg = Debug|Any CPU
		{C62BE65C-C6CB-4FAF-A24C-145E7B5C858E}.Debug|ARM.Build.0 = Debug|Any CPU
		{C62BE65C-C6CB-4FAF-A24C-145E7B5C858E}.Debug|ARM.Deploy.0 = Debug|Any CPU
		{C62BE65C-C6CB-4FAF-A24C-145E7B5C858E}.Debug|ARM64.ActiveCfg = Debug|Any CPU
		{C62BE65C-C6CB-4FAF-A24C-145E7B5C858E}.Debug|ARM64.Build.0 = Debug|Any CPU
		{C62BE65C-C6CB-4FAF-A24C-145E7B5C858E}.Debug|ARM64.Deploy.0 = Debug|Any CPU
		{C62BE65C-C6CB-4FAF-A24C-145E7B5C858E}.Debug|iPhone.ActiveCfg = Debug|Any CPU
		{C62BE65C-C6CB-4FAF-A24C-145E7B5C858E}.Debug|iPhone.Build.0 = Debug|Any CPU
		{C62BE65C-C6CB-4FAF-A24C-145E7B5C858E}.Debug|iPhone.Deploy.0 = Debug|Any CPU
		{C62BE65C-C6CB-4FAF-A24C-145E7B5C858E}.Debug|iPhoneSimulator.ActiveCfg = Debug|Any CPU
		{C62BE65C-C6CB-4FAF-A24C-145E7B5C858E}.Debug|iPhoneSimulator.Build.0 = Debug|Any CPU
		{C62BE65C-C6CB-4FAF-A24C-145E7B5C858E}.Debug|iPhoneSimulator.Deploy.0 = Debug|Any CPU
		{C62BE65C-C6CB-4FAF-A24C-145E7B5C858E}.Debug|x64.ActiveCfg = Debug|Any CPU
		{C62BE65C-C6CB-4FAF-A24C-145E7B5C858E}.Debug|x64.Build.0 = Debug|Any CPU
		{C62BE65C-C6CB-4FAF-A24C-145E7B5C858E}.Debug|x64.Deploy.0 = Debug|Any CPU
		{C62BE65C-C6CB-4FAF-A24C-145E7B5C858E}.Debug|x86.ActiveCfg = Debug|Any CPU
		{C62BE65C-C6CB-4FAF-A24C-145E7B5C858E}.Debug|x86.Build.0 = Debug|Any CPU
		{C62BE65C-C6CB-4FAF-A24C-145E7B5C858E}.Debug|x86.Deploy.0 = Debug|Any CPU
		{C62BE65C-C6CB-4FAF-A24C-145E7B5C858E}.Release|Any CPU.ActiveCfg = Release|Any CPU
		{C62BE65C-C6CB-4FAF-A24C-145E7B5C858E}.Release|Any CPU.Build.0 = Release|Any CPU
		{C62BE65C-C6CB-4FAF-A24C-145E7B5C858E}.Release|Any CPU.Deploy.0 = Release|Any CPU
		{C62BE65C-C6CB-4FAF-A24C-145E7B5C858E}.Release|ARM.ActiveCfg = Release|Any CPU
		{C62BE65C-C6CB-4FAF-A24C-145E7B5C858E}.Release|ARM.Build.0 = Release|Any CPU
		{C62BE65C-C6CB-4FAF-A24C-145E7B5C858E}.Release|ARM.Deploy.0 = Release|Any CPU
		{C62BE65C-C6CB-4FAF-A24C-145E7B5C858E}.Release|ARM64.ActiveCfg = Release|Any CPU
		{C62BE65C-C6CB-4FAF-A24C-145E7B5C858E}.Release|ARM64.Build.0 = Release|Any CPU
		{C62BE65C-C6CB-4FAF-A24C-145E7B5C858E}.Release|ARM64.Deploy.0 = Release|Any CPU
		{C62BE65C-C6CB-4FAF-A24C-145E7B5C858E}.Release|iPhone.ActiveCfg = Release|Any CPU
		{C62BE65C-C6CB-4FAF-A24C-145E7B5C858E}.Release|iPhone.Build.0 = Release|Any CPU
		{C62BE65C-C6CB-4FAF-A24C-145E7B5C858E}.Release|iPhone.Deploy.0 = Release|Any CPU
		{C62BE65C-C6CB-4FAF-A24C-145E7B5C858E}.Release|iPhoneSimulator.ActiveCfg = Release|Any CPU
		{C62BE65C-C6CB-4FAF-A24C-145E7B5C858E}.Release|iPhoneSimulator.Build.0 = Release|Any CPU
		{C62BE65C-C6CB-4FAF-A24C-145E7B5C858E}.Release|iPhoneSimulator.Deploy.0 = Release|Any CPU
		{C62BE65C-C6CB-4FAF-A24C-145E7B5C858E}.Release|x64.ActiveCfg = Release|Any CPU
		{C62BE65C-C6CB-4FAF-A24C-145E7B5C858E}.Release|x64.Build.0 = Release|Any CPU
		{C62BE65C-C6CB-4FAF-A24C-145E7B5C858E}.Release|x64.Deploy.0 = Release|Any CPU
		{C62BE65C-C6CB-4FAF-A24C-145E7B5C858E}.Release|x86.ActiveCfg = Release|Any CPU
		{C62BE65C-C6CB-4FAF-A24C-145E7B5C858E}.Release|x86.Build.0 = Release|Any CPU
		{C62BE65C-C6CB-4FAF-A24C-145E7B5C858E}.Release|x86.Deploy.0 = Release|Any CPU
		{9F5C698B-E278-4C94-9FF8-D5800FCFC736}.Ad-Hoc|Any CPU.ActiveCfg = Ad-Hoc|iPhone
		{9F5C698B-E278-4C94-9FF8-D5800FCFC736}.Ad-Hoc|ARM.ActiveCfg = Ad-Hoc|iPhone
		{9F5C698B-E278-4C94-9FF8-D5800FCFC736}.Ad-Hoc|ARM64.ActiveCfg = Ad-Hoc|iPhoneSimulator
		{9F5C698B-E278-4C94-9FF8-D5800FCFC736}.Ad-Hoc|iPhone.ActiveCfg = Ad-Hoc|iPhone
		{9F5C698B-E278-4C94-9FF8-D5800FCFC736}.Ad-Hoc|iPhone.Build.0 = Ad-Hoc|iPhone
		{9F5C698B-E278-4C94-9FF8-D5800FCFC736}.Ad-Hoc|iPhoneSimulator.ActiveCfg = Ad-Hoc|iPhoneSimulator
		{9F5C698B-E278-4C94-9FF8-D5800FCFC736}.Ad-Hoc|iPhoneSimulator.Build.0 = Ad-Hoc|iPhoneSimulator
		{9F5C698B-E278-4C94-9FF8-D5800FCFC736}.Ad-Hoc|x64.ActiveCfg = Ad-Hoc|iPhone
		{9F5C698B-E278-4C94-9FF8-D5800FCFC736}.Ad-Hoc|x86.ActiveCfg = Ad-Hoc|iPhone
		{9F5C698B-E278-4C94-9FF8-D5800FCFC736}.AppStore|Any CPU.ActiveCfg = AppStore|iPhone
		{9F5C698B-E278-4C94-9FF8-D5800FCFC736}.AppStore|ARM.ActiveCfg = AppStore|iPhone
		{9F5C698B-E278-4C94-9FF8-D5800FCFC736}.AppStore|ARM64.ActiveCfg = AppStore|iPhoneSimulator
		{9F5C698B-E278-4C94-9FF8-D5800FCFC736}.AppStore|iPhone.ActiveCfg = AppStore|iPhone
		{9F5C698B-E278-4C94-9FF8-D5800FCFC736}.AppStore|iPhone.Build.0 = AppStore|iPhone
		{9F5C698B-E278-4C94-9FF8-D5800FCFC736}.AppStore|iPhoneSimulator.ActiveCfg = AppStore|iPhoneSimulator
		{9F5C698B-E278-4C94-9FF8-D5800FCFC736}.AppStore|iPhoneSimulator.Build.0 = AppStore|iPhoneSimulator
		{9F5C698B-E278-4C94-9FF8-D5800FCFC736}.AppStore|x64.ActiveCfg = AppStore|iPhone
		{9F5C698B-E278-4C94-9FF8-D5800FCFC736}.AppStore|x86.ActiveCfg = AppStore|iPhone
		{9F5C698B-E278-4C94-9FF8-D5800FCFC736}.Debug|Any CPU.ActiveCfg = Debug|iPhone
		{9F5C698B-E278-4C94-9FF8-D5800FCFC736}.Debug|ARM.ActiveCfg = Debug|iPhone
		{9F5C698B-E278-4C94-9FF8-D5800FCFC736}.Debug|ARM64.ActiveCfg = Debug|iPhoneSimulator
		{9F5C698B-E278-4C94-9FF8-D5800FCFC736}.Debug|iPhone.ActiveCfg = Debug|iPhone
		{9F5C698B-E278-4C94-9FF8-D5800FCFC736}.Debug|iPhone.Build.0 = Debug|iPhone
		{9F5C698B-E278-4C94-9FF8-D5800FCFC736}.Debug|iPhone.Deploy.0 = Debug|iPhone
		{9F5C698B-E278-4C94-9FF8-D5800FCFC736}.Debug|iPhoneSimulator.ActiveCfg = Debug|iPhoneSimulator
		{9F5C698B-E278-4C94-9FF8-D5800FCFC736}.Debug|iPhoneSimulator.Build.0 = Debug|iPhoneSimulator
		{9F5C698B-E278-4C94-9FF8-D5800FCFC736}.Debug|x64.ActiveCfg = Debug|iPhone
		{9F5C698B-E278-4C94-9FF8-D5800FCFC736}.Debug|x86.ActiveCfg = Debug|iPhone
		{9F5C698B-E278-4C94-9FF8-D5800FCFC736}.Release|Any CPU.ActiveCfg = Release|iPhone
		{9F5C698B-E278-4C94-9FF8-D5800FCFC736}.Release|Any CPU.Build.0 = Release|iPhone
		{9F5C698B-E278-4C94-9FF8-D5800FCFC736}.Release|ARM.ActiveCfg = Release|iPhone
		{9F5C698B-E278-4C94-9FF8-D5800FCFC736}.Release|ARM64.ActiveCfg = Release|iPhoneSimulator
		{9F5C698B-E278-4C94-9FF8-D5800FCFC736}.Release|iPhone.ActiveCfg = Release|iPhone
		{9F5C698B-E278-4C94-9FF8-D5800FCFC736}.Release|iPhone.Build.0 = Release|iPhone
		{9F5C698B-E278-4C94-9FF8-D5800FCFC736}.Release|iPhone.Deploy.0 = Release|iPhone
		{9F5C698B-E278-4C94-9FF8-D5800FCFC736}.Release|iPhoneSimulator.ActiveCfg = Release|iPhoneSimulator
		{9F5C698B-E278-4C94-9FF8-D5800FCFC736}.Release|iPhoneSimulator.Build.0 = Release|iPhoneSimulator
		{9F5C698B-E278-4C94-9FF8-D5800FCFC736}.Release|x64.ActiveCfg = Release|iPhone
		{9F5C698B-E278-4C94-9FF8-D5800FCFC736}.Release|x86.ActiveCfg = Release|iPhone
		{E965BA32-9561-4E2A-ADB0-19487B25A939}.Ad-Hoc|Any CPU.ActiveCfg = Release|Any CPU
		{E965BA32-9561-4E2A-ADB0-19487B25A939}.Ad-Hoc|Any CPU.Build.0 = Release|Any CPU
		{E965BA32-9561-4E2A-ADB0-19487B25A939}.Ad-Hoc|ARM.ActiveCfg = Release|Any CPU
		{E965BA32-9561-4E2A-ADB0-19487B25A939}.Ad-Hoc|ARM.Build.0 = Release|Any CPU
		{E965BA32-9561-4E2A-ADB0-19487B25A939}.Ad-Hoc|ARM64.ActiveCfg = Debug|Any CPU
		{E965BA32-9561-4E2A-ADB0-19487B25A939}.Ad-Hoc|ARM64.Build.0 = Debug|Any CPU
		{E965BA32-9561-4E2A-ADB0-19487B25A939}.Ad-Hoc|iPhone.ActiveCfg = Release|Any CPU
		{E965BA32-9561-4E2A-ADB0-19487B25A939}.Ad-Hoc|iPhone.Build.0 = Release|Any CPU
		{E965BA32-9561-4E2A-ADB0-19487B25A939}.Ad-Hoc|iPhoneSimulator.ActiveCfg = Release|Any CPU
		{E965BA32-9561-4E2A-ADB0-19487B25A939}.Ad-Hoc|iPhoneSimulator.Build.0 = Release|Any CPU
		{E965BA32-9561-4E2A-ADB0-19487B25A939}.Ad-Hoc|x64.ActiveCfg = Release|Any CPU
		{E965BA32-9561-4E2A-ADB0-19487B25A939}.Ad-Hoc|x64.Build.0 = Release|Any CPU
		{E965BA32-9561-4E2A-ADB0-19487B25A939}.Ad-Hoc|x86.ActiveCfg = Release|Any CPU
		{E965BA32-9561-4E2A-ADB0-19487B25A939}.Ad-Hoc|x86.Build.0 = Release|Any CPU
		{E965BA32-9561-4E2A-ADB0-19487B25A939}.AppStore|Any CPU.ActiveCfg = Release|Any CPU
		{E965BA32-9561-4E2A-ADB0-19487B25A939}.AppStore|Any CPU.Build.0 = Release|Any CPU
		{E965BA32-9561-4E2A-ADB0-19487B25A939}.AppStore|ARM.ActiveCfg = Release|Any CPU
		{E965BA32-9561-4E2A-ADB0-19487B25A939}.AppStore|ARM.Build.0 = Release|Any CPU
		{E965BA32-9561-4E2A-ADB0-19487B25A939}.AppStore|ARM64.ActiveCfg = Debug|Any CPU
		{E965BA32-9561-4E2A-ADB0-19487B25A939}.AppStore|ARM64.Build.0 = Debug|Any CPU
		{E965BA32-9561-4E2A-ADB0-19487B25A939}.AppStore|iPhone.ActiveCfg = Release|Any CPU
		{E965BA32-9561-4E2A-ADB0-19487B25A939}.AppStore|iPhone.Build.0 = Release|Any CPU
		{E965BA32-9561-4E2A-ADB0-19487B25A939}.AppStore|iPhoneSimulator.ActiveCfg = Release|Any CPU
		{E965BA32-9561-4E2A-ADB0-19487B25A939}.AppStore|iPhoneSimulator.Build.0 = Release|Any CPU
		{E965BA32-9561-4E2A-ADB0-19487B25A939}.AppStore|x64.ActiveCfg = Release|Any CPU
		{E965BA32-9561-4E2A-ADB0-19487B25A939}.AppStore|x64.Build.0 = Release|Any CPU
		{E965BA32-9561-4E2A-ADB0-19487B25A939}.AppStore|x86.ActiveCfg = Release|Any CPU
		{E965BA32-9561-4E2A-ADB0-19487B25A939}.AppStore|x86.Build.0 = Release|Any CPU
		{E965BA32-9561-4E2A-ADB0-19487B25A939}.Debug|Any CPU.ActiveCfg = Debug|Any CPU
		{E965BA32-9561-4E2A-ADB0-19487B25A939}.Debug|Any CPU.Build.0 = Debug|Any CPU
		{E965BA32-9561-4E2A-ADB0-19487B25A939}.Debug|ARM.ActiveCfg = Debug|Any CPU
		{E965BA32-9561-4E2A-ADB0-19487B25A939}.Debug|ARM.Build.0 = Debug|Any CPU
		{E965BA32-9561-4E2A-ADB0-19487B25A939}.Debug|ARM64.ActiveCfg = Debug|Any CPU
		{E965BA32-9561-4E2A-ADB0-19487B25A939}.Debug|ARM64.Build.0 = Debug|Any CPU
		{E965BA32-9561-4E2A-ADB0-19487B25A939}.Debug|iPhone.ActiveCfg = Debug|Any CPU
		{E965BA32-9561-4E2A-ADB0-19487B25A939}.Debug|iPhone.Build.0 = Debug|Any CPU
		{E965BA32-9561-4E2A-ADB0-19487B25A939}.Debug|iPhoneSimulator.ActiveCfg = Debug|Any CPU
		{E965BA32-9561-4E2A-ADB0-19487B25A939}.Debug|iPhoneSimulator.Build.0 = Debug|Any CPU
		{E965BA32-9561-4E2A-ADB0-19487B25A939}.Debug|x64.ActiveCfg = Debug|Any CPU
		{E965BA32-9561-4E2A-ADB0-19487B25A939}.Debug|x64.Build.0 = Debug|Any CPU
		{E965BA32-9561-4E2A-ADB0-19487B25A939}.Debug|x86.ActiveCfg = Debug|Any CPU
		{E965BA32-9561-4E2A-ADB0-19487B25A939}.Debug|x86.Build.0 = Debug|Any CPU
		{E965BA32-9561-4E2A-ADB0-19487B25A939}.Release|Any CPU.ActiveCfg = Release|Any CPU
		{E965BA32-9561-4E2A-ADB0-19487B25A939}.Release|Any CPU.Build.0 = Release|Any CPU
		{E965BA32-9561-4E2A-ADB0-19487B25A939}.Release|ARM.ActiveCfg = Release|Any CPU
		{E965BA32-9561-4E2A-ADB0-19487B25A939}.Release|ARM.Build.0 = Release|Any CPU
		{E965BA32-9561-4E2A-ADB0-19487B25A939}.Release|ARM64.ActiveCfg = Release|Any CPU
		{E965BA32-9561-4E2A-ADB0-19487B25A939}.Release|ARM64.Build.0 = Release|Any CPU
		{E965BA32-9561-4E2A-ADB0-19487B25A939}.Release|iPhone.ActiveCfg = Release|Any CPU
		{E965BA32-9561-4E2A-ADB0-19487B25A939}.Release|iPhone.Build.0 = Release|Any CPU
		{E965BA32-9561-4E2A-ADB0-19487B25A939}.Release|iPhoneSimulator.ActiveCfg = Release|Any CPU
		{E965BA32-9561-4E2A-ADB0-19487B25A939}.Release|iPhoneSimulator.Build.0 = Release|Any CPU
		{E965BA32-9561-4E2A-ADB0-19487B25A939}.Release|x64.ActiveCfg = Release|Any CPU
		{E965BA32-9561-4E2A-ADB0-19487B25A939}.Release|x64.Build.0 = Release|Any CPU
		{E965BA32-9561-4E2A-ADB0-19487B25A939}.Release|x86.ActiveCfg = Release|Any CPU
		{E965BA32-9561-4E2A-ADB0-19487B25A939}.Release|x86.Build.0 = Release|Any CPU
		{E546FD83-2A03-425E-8144-1C1C86DD3BFF}.Ad-Hoc|Any CPU.ActiveCfg = Release|x86
		{E546FD83-2A03-425E-8144-1C1C86DD3BFF}.Ad-Hoc|Any CPU.Build.0 = Release|x86
		{E546FD83-2A03-425E-8144-1C1C86DD3BFF}.Ad-Hoc|Any CPU.Deploy.0 = Release|x86
		{E546FD83-2A03-425E-8144-1C1C86DD3BFF}.Ad-Hoc|ARM.ActiveCfg = Release|ARM
		{E546FD83-2A03-425E-8144-1C1C86DD3BFF}.Ad-Hoc|ARM.Build.0 = Release|ARM
		{E546FD83-2A03-425E-8144-1C1C86DD3BFF}.Ad-Hoc|ARM.Deploy.0 = Release|ARM
		{E546FD83-2A03-425E-8144-1C1C86DD3BFF}.Ad-Hoc|ARM64.ActiveCfg = Debug|x64
		{E546FD83-2A03-425E-8144-1C1C86DD3BFF}.Ad-Hoc|ARM64.Build.0 = Debug|x64
		{E546FD83-2A03-425E-8144-1C1C86DD3BFF}.Ad-Hoc|ARM64.Deploy.0 = Debug|x64
		{E546FD83-2A03-425E-8144-1C1C86DD3BFF}.Ad-Hoc|iPhone.ActiveCfg = Release|x86
		{E546FD83-2A03-425E-8144-1C1C86DD3BFF}.Ad-Hoc|iPhone.Build.0 = Release|x86
		{E546FD83-2A03-425E-8144-1C1C86DD3BFF}.Ad-Hoc|iPhone.Deploy.0 = Release|x86
		{E546FD83-2A03-425E-8144-1C1C86DD3BFF}.Ad-Hoc|iPhoneSimulator.ActiveCfg = Release|x86
		{E546FD83-2A03-425E-8144-1C1C86DD3BFF}.Ad-Hoc|iPhoneSimulator.Build.0 = Release|x86
		{E546FD83-2A03-425E-8144-1C1C86DD3BFF}.Ad-Hoc|iPhoneSimulator.Deploy.0 = Release|x86
		{E546FD83-2A03-425E-8144-1C1C86DD3BFF}.Ad-Hoc|x64.ActiveCfg = Release|x64
		{E546FD83-2A03-425E-8144-1C1C86DD3BFF}.Ad-Hoc|x64.Build.0 = Release|x64
		{E546FD83-2A03-425E-8144-1C1C86DD3BFF}.Ad-Hoc|x64.Deploy.0 = Release|x64
		{E546FD83-2A03-425E-8144-1C1C86DD3BFF}.Ad-Hoc|x86.ActiveCfg = Release|x86
		{E546FD83-2A03-425E-8144-1C1C86DD3BFF}.Ad-Hoc|x86.Build.0 = Release|x86
		{E546FD83-2A03-425E-8144-1C1C86DD3BFF}.Ad-Hoc|x86.Deploy.0 = Release|x86
		{E546FD83-2A03-425E-8144-1C1C86DD3BFF}.AppStore|Any CPU.ActiveCfg = Release|x86
		{E546FD83-2A03-425E-8144-1C1C86DD3BFF}.AppStore|Any CPU.Build.0 = Release|x86
		{E546FD83-2A03-425E-8144-1C1C86DD3BFF}.AppStore|Any CPU.Deploy.0 = Release|x86
		{E546FD83-2A03-425E-8144-1C1C86DD3BFF}.AppStore|ARM.ActiveCfg = Release|ARM
		{E546FD83-2A03-425E-8144-1C1C86DD3BFF}.AppStore|ARM.Build.0 = Release|ARM
		{E546FD83-2A03-425E-8144-1C1C86DD3BFF}.AppStore|ARM.Deploy.0 = Release|ARM
		{E546FD83-2A03-425E-8144-1C1C86DD3BFF}.AppStore|ARM64.ActiveCfg = Debug|x64
		{E546FD83-2A03-425E-8144-1C1C86DD3BFF}.AppStore|ARM64.Build.0 = Debug|x64
		{E546FD83-2A03-425E-8144-1C1C86DD3BFF}.AppStore|ARM64.Deploy.0 = Debug|x64
		{E546FD83-2A03-425E-8144-1C1C86DD3BFF}.AppStore|iPhone.ActiveCfg = Release|x86
		{E546FD83-2A03-425E-8144-1C1C86DD3BFF}.AppStore|iPhone.Build.0 = Release|x86
		{E546FD83-2A03-425E-8144-1C1C86DD3BFF}.AppStore|iPhone.Deploy.0 = Release|x86
		{E546FD83-2A03-425E-8144-1C1C86DD3BFF}.AppStore|iPhoneSimulator.ActiveCfg = Release|x86
		{E546FD83-2A03-425E-8144-1C1C86DD3BFF}.AppStore|iPhoneSimulator.Build.0 = Release|x86
		{E546FD83-2A03-425E-8144-1C1C86DD3BFF}.AppStore|iPhoneSimulator.Deploy.0 = Release|x86
		{E546FD83-2A03-425E-8144-1C1C86DD3BFF}.AppStore|x64.ActiveCfg = Release|x64
		{E546FD83-2A03-425E-8144-1C1C86DD3BFF}.AppStore|x64.Build.0 = Release|x64
		{E546FD83-2A03-425E-8144-1C1C86DD3BFF}.AppStore|x64.Deploy.0 = Release|x64
		{E546FD83-2A03-425E-8144-1C1C86DD3BFF}.AppStore|x86.ActiveCfg = Release|x86
		{E546FD83-2A03-425E-8144-1C1C86DD3BFF}.AppStore|x86.Build.0 = Release|x86
		{E546FD83-2A03-425E-8144-1C1C86DD3BFF}.AppStore|x86.Deploy.0 = Release|x86
		{E546FD83-2A03-425E-8144-1C1C86DD3BFF}.Debug|Any CPU.ActiveCfg = Debug|x86
		{E546FD83-2A03-425E-8144-1C1C86DD3BFF}.Debug|Any CPU.Build.0 = Debug|x86
		{E546FD83-2A03-425E-8144-1C1C86DD3BFF}.Debug|Any CPU.Deploy.0 = Debug|x86
		{E546FD83-2A03-425E-8144-1C1C86DD3BFF}.Debug|ARM.ActiveCfg = Debug|ARM
		{E546FD83-2A03-425E-8144-1C1C86DD3BFF}.Debug|ARM.Build.0 = Debug|ARM
		{E546FD83-2A03-425E-8144-1C1C86DD3BFF}.Debug|ARM.Deploy.0 = Debug|ARM
		{E546FD83-2A03-425E-8144-1C1C86DD3BFF}.Debug|ARM64.ActiveCfg = Debug|x86
		{E546FD83-2A03-425E-8144-1C1C86DD3BFF}.Debug|iPhone.ActiveCfg = Debug|x86
		{E546FD83-2A03-425E-8144-1C1C86DD3BFF}.Debug|iPhone.Build.0 = Debug|x86
		{E546FD83-2A03-425E-8144-1C1C86DD3BFF}.Debug|iPhone.Deploy.0 = Debug|x86
		{E546FD83-2A03-425E-8144-1C1C86DD3BFF}.Debug|iPhoneSimulator.ActiveCfg = Debug|x86
		{E546FD83-2A03-425E-8144-1C1C86DD3BFF}.Debug|x64.ActiveCfg = Debug|x64
		{E546FD83-2A03-425E-8144-1C1C86DD3BFF}.Debug|x64.Build.0 = Debug|x64
		{E546FD83-2A03-425E-8144-1C1C86DD3BFF}.Debug|x64.Deploy.0 = Debug|x64
		{E546FD83-2A03-425E-8144-1C1C86DD3BFF}.Debug|x86.ActiveCfg = Debug|x86
		{E546FD83-2A03-425E-8144-1C1C86DD3BFF}.Debug|x86.Build.0 = Debug|x86
		{E546FD83-2A03-425E-8144-1C1C86DD3BFF}.Debug|x86.Deploy.0 = Debug|x86
		{E546FD83-2A03-425E-8144-1C1C86DD3BFF}.Release|Any CPU.ActiveCfg = Release|x86
		{E546FD83-2A03-425E-8144-1C1C86DD3BFF}.Release|Any CPU.Build.0 = Release|x86
		{E546FD83-2A03-425E-8144-1C1C86DD3BFF}.Release|Any CPU.Deploy.0 = Release|x86
		{E546FD83-2A03-425E-8144-1C1C86DD3BFF}.Release|ARM.ActiveCfg = Release|ARM
		{E546FD83-2A03-425E-8144-1C1C86DD3BFF}.Release|ARM.Build.0 = Release|ARM
		{E546FD83-2A03-425E-8144-1C1C86DD3BFF}.Release|ARM.Deploy.0 = Release|ARM
		{E546FD83-2A03-425E-8144-1C1C86DD3BFF}.Release|ARM64.ActiveCfg = Release|x86
		{E546FD83-2A03-425E-8144-1C1C86DD3BFF}.Release|iPhone.ActiveCfg = Release|x86
		{E546FD83-2A03-425E-8144-1C1C86DD3BFF}.Release|iPhone.Build.0 = Release|x86
		{E546FD83-2A03-425E-8144-1C1C86DD3BFF}.Release|iPhone.Deploy.0 = Release|x86
		{E546FD83-2A03-425E-8144-1C1C86DD3BFF}.Release|iPhoneSimulator.ActiveCfg = Release|x86
		{E546FD83-2A03-425E-8144-1C1C86DD3BFF}.Release|x64.ActiveCfg = Release|x64
		{E546FD83-2A03-425E-8144-1C1C86DD3BFF}.Release|x64.Build.0 = Release|x64
		{E546FD83-2A03-425E-8144-1C1C86DD3BFF}.Release|x64.Deploy.0 = Release|x64
		{E546FD83-2A03-425E-8144-1C1C86DD3BFF}.Release|x86.ActiveCfg = Release|x86
		{E546FD83-2A03-425E-8144-1C1C86DD3BFF}.Release|x86.Build.0 = Release|x86
		{E546FD83-2A03-425E-8144-1C1C86DD3BFF}.Release|x86.Deploy.0 = Release|x86
		{DF37BC48-3A9F-4D90-BA38-70F8C22BCA7B}.Ad-Hoc|Any CPU.ActiveCfg = Release|Any CPU
		{DF37BC48-3A9F-4D90-BA38-70F8C22BCA7B}.Ad-Hoc|Any CPU.Build.0 = Release|Any CPU
		{DF37BC48-3A9F-4D90-BA38-70F8C22BCA7B}.Ad-Hoc|ARM.ActiveCfg = Release|ARM
		{DF37BC48-3A9F-4D90-BA38-70F8C22BCA7B}.Ad-Hoc|ARM.Build.0 = Release|ARM
		{DF37BC48-3A9F-4D90-BA38-70F8C22BCA7B}.Ad-Hoc|ARM64.ActiveCfg = Debug|Any CPU
		{DF37BC48-3A9F-4D90-BA38-70F8C22BCA7B}.Ad-Hoc|ARM64.Build.0 = Debug|Any CPU
		{DF37BC48-3A9F-4D90-BA38-70F8C22BCA7B}.Ad-Hoc|iPhone.ActiveCfg = Release|Any CPU
		{DF37BC48-3A9F-4D90-BA38-70F8C22BCA7B}.Ad-Hoc|iPhone.Build.0 = Release|Any CPU
		{DF37BC48-3A9F-4D90-BA38-70F8C22BCA7B}.Ad-Hoc|iPhoneSimulator.ActiveCfg = Release|Any CPU
		{DF37BC48-3A9F-4D90-BA38-70F8C22BCA7B}.Ad-Hoc|iPhoneSimulator.Build.0 = Release|Any CPU
		{DF37BC48-3A9F-4D90-BA38-70F8C22BCA7B}.Ad-Hoc|x64.ActiveCfg = Release|x64
		{DF37BC48-3A9F-4D90-BA38-70F8C22BCA7B}.Ad-Hoc|x64.Build.0 = Release|x64
		{DF37BC48-3A9F-4D90-BA38-70F8C22BCA7B}.Ad-Hoc|x86.ActiveCfg = Release|x86
		{DF37BC48-3A9F-4D90-BA38-70F8C22BCA7B}.Ad-Hoc|x86.Build.0 = Release|x86
		{DF37BC48-3A9F-4D90-BA38-70F8C22BCA7B}.AppStore|Any CPU.ActiveCfg = Release|Any CPU
		{DF37BC48-3A9F-4D90-BA38-70F8C22BCA7B}.AppStore|Any CPU.Build.0 = Release|Any CPU
		{DF37BC48-3A9F-4D90-BA38-70F8C22BCA7B}.AppStore|ARM.ActiveCfg = Release|ARM
		{DF37BC48-3A9F-4D90-BA38-70F8C22BCA7B}.AppStore|ARM.Build.0 = Release|ARM
		{DF37BC48-3A9F-4D90-BA38-70F8C22BCA7B}.AppStore|ARM64.ActiveCfg = Debug|Any CPU
		{DF37BC48-3A9F-4D90-BA38-70F8C22BCA7B}.AppStore|ARM64.Build.0 = Debug|Any CPU
		{DF37BC48-3A9F-4D90-BA38-70F8C22BCA7B}.AppStore|iPhone.ActiveCfg = Release|Any CPU
		{DF37BC48-3A9F-4D90-BA38-70F8C22BCA7B}.AppStore|iPhone.Build.0 = Release|Any CPU
		{DF37BC48-3A9F-4D90-BA38-70F8C22BCA7B}.AppStore|iPhoneSimulator.ActiveCfg = Release|Any CPU
		{DF37BC48-3A9F-4D90-BA38-70F8C22BCA7B}.AppStore|iPhoneSimulator.Build.0 = Release|Any CPU
		{DF37BC48-3A9F-4D90-BA38-70F8C22BCA7B}.AppStore|x64.ActiveCfg = Release|x64
		{DF37BC48-3A9F-4D90-BA38-70F8C22BCA7B}.AppStore|x64.Build.0 = Release|x64
		{DF37BC48-3A9F-4D90-BA38-70F8C22BCA7B}.AppStore|x86.ActiveCfg = Release|x86
		{DF37BC48-3A9F-4D90-BA38-70F8C22BCA7B}.AppStore|x86.Build.0 = Release|x86
		{DF37BC48-3A9F-4D90-BA38-70F8C22BCA7B}.Debug|Any CPU.ActiveCfg = Debug|Any CPU
		{DF37BC48-3A9F-4D90-BA38-70F8C22BCA7B}.Debug|Any CPU.Build.0 = Debug|Any CPU
		{DF37BC48-3A9F-4D90-BA38-70F8C22BCA7B}.Debug|ARM.ActiveCfg = Debug|ARM
		{DF37BC48-3A9F-4D90-BA38-70F8C22BCA7B}.Debug|ARM.Build.0 = Debug|ARM
		{DF37BC48-3A9F-4D90-BA38-70F8C22BCA7B}.Debug|ARM64.ActiveCfg = Debug|Any CPU
		{DF37BC48-3A9F-4D90-BA38-70F8C22BCA7B}.Debug|ARM64.Build.0 = Debug|Any CPU
		{DF37BC48-3A9F-4D90-BA38-70F8C22BCA7B}.Debug|iPhone.ActiveCfg = Debug|Any CPU
		{DF37BC48-3A9F-4D90-BA38-70F8C22BCA7B}.Debug|iPhone.Build.0 = Debug|Any CPU
		{DF37BC48-3A9F-4D90-BA38-70F8C22BCA7B}.Debug|iPhoneSimulator.ActiveCfg = Debug|Any CPU
		{DF37BC48-3A9F-4D90-BA38-70F8C22BCA7B}.Debug|iPhoneSimulator.Build.0 = Debug|Any CPU
		{DF37BC48-3A9F-4D90-BA38-70F8C22BCA7B}.Debug|x64.ActiveCfg = Debug|x64
		{DF37BC48-3A9F-4D90-BA38-70F8C22BCA7B}.Debug|x64.Build.0 = Debug|x64
		{DF37BC48-3A9F-4D90-BA38-70F8C22BCA7B}.Debug|x86.ActiveCfg = Debug|x86
		{DF37BC48-3A9F-4D90-BA38-70F8C22BCA7B}.Debug|x86.Build.0 = Debug|x86
		{DF37BC48-3A9F-4D90-BA38-70F8C22BCA7B}.Release|Any CPU.ActiveCfg = Release|Any CPU
		{DF37BC48-3A9F-4D90-BA38-70F8C22BCA7B}.Release|Any CPU.Build.0 = Release|Any CPU
		{DF37BC48-3A9F-4D90-BA38-70F8C22BCA7B}.Release|ARM.ActiveCfg = Release|ARM
		{DF37BC48-3A9F-4D90-BA38-70F8C22BCA7B}.Release|ARM.Build.0 = Release|ARM
		{DF37BC48-3A9F-4D90-BA38-70F8C22BCA7B}.Release|ARM64.ActiveCfg = Release|Any CPU
		{DF37BC48-3A9F-4D90-BA38-70F8C22BCA7B}.Release|ARM64.Build.0 = Release|Any CPU
		{DF37BC48-3A9F-4D90-BA38-70F8C22BCA7B}.Release|iPhone.ActiveCfg = Release|Any CPU
		{DF37BC48-3A9F-4D90-BA38-70F8C22BCA7B}.Release|iPhone.Build.0 = Release|Any CPU
		{DF37BC48-3A9F-4D90-BA38-70F8C22BCA7B}.Release|iPhoneSimulator.ActiveCfg = Release|Any CPU
		{DF37BC48-3A9F-4D90-BA38-70F8C22BCA7B}.Release|iPhoneSimulator.Build.0 = Release|Any CPU
		{DF37BC48-3A9F-4D90-BA38-70F8C22BCA7B}.Release|x64.ActiveCfg = Release|x64
		{DF37BC48-3A9F-4D90-BA38-70F8C22BCA7B}.Release|x64.Build.0 = Release|x64
		{DF37BC48-3A9F-4D90-BA38-70F8C22BCA7B}.Release|x86.ActiveCfg = Release|x86
		{DF37BC48-3A9F-4D90-BA38-70F8C22BCA7B}.Release|x86.Build.0 = Release|x86
		{D5F83A1F-E5FC-4FCF-9714-2C2BCEAF4031}.Ad-Hoc|Any CPU.ActiveCfg = Ad-Hoc|iPhone
		{D5F83A1F-E5FC-4FCF-9714-2C2BCEAF4031}.Ad-Hoc|ARM.ActiveCfg = Ad-Hoc|iPhone
		{D5F83A1F-E5FC-4FCF-9714-2C2BCEAF4031}.Ad-Hoc|ARM64.ActiveCfg = Ad-Hoc|iPhoneSimulator
		{D5F83A1F-E5FC-4FCF-9714-2C2BCEAF4031}.Ad-Hoc|iPhone.ActiveCfg = Ad-Hoc|iPhone
		{D5F83A1F-E5FC-4FCF-9714-2C2BCEAF4031}.Ad-Hoc|iPhone.Build.0 = Ad-Hoc|iPhone
		{D5F83A1F-E5FC-4FCF-9714-2C2BCEAF4031}.Ad-Hoc|iPhoneSimulator.ActiveCfg = Ad-Hoc|iPhoneSimulator
		{D5F83A1F-E5FC-4FCF-9714-2C2BCEAF4031}.Ad-Hoc|iPhoneSimulator.Build.0 = Ad-Hoc|iPhoneSimulator
		{D5F83A1F-E5FC-4FCF-9714-2C2BCEAF4031}.Ad-Hoc|x64.ActiveCfg = Ad-Hoc|iPhone
		{D5F83A1F-E5FC-4FCF-9714-2C2BCEAF4031}.Ad-Hoc|x86.ActiveCfg = Ad-Hoc|iPhone
		{D5F83A1F-E5FC-4FCF-9714-2C2BCEAF4031}.AppStore|Any CPU.ActiveCfg = AppStore|iPhone
		{D5F83A1F-E5FC-4FCF-9714-2C2BCEAF4031}.AppStore|ARM.ActiveCfg = AppStore|iPhone
		{D5F83A1F-E5FC-4FCF-9714-2C2BCEAF4031}.AppStore|ARM64.ActiveCfg = AppStore|iPhoneSimulator
		{D5F83A1F-E5FC-4FCF-9714-2C2BCEAF4031}.AppStore|iPhone.ActiveCfg = AppStore|iPhone
		{D5F83A1F-E5FC-4FCF-9714-2C2BCEAF4031}.AppStore|iPhone.Build.0 = AppStore|iPhone
		{D5F83A1F-E5FC-4FCF-9714-2C2BCEAF4031}.AppStore|iPhoneSimulator.ActiveCfg = AppStore|iPhoneSimulator
		{D5F83A1F-E5FC-4FCF-9714-2C2BCEAF4031}.AppStore|iPhoneSimulator.Build.0 = AppStore|iPhoneSimulator
		{D5F83A1F-E5FC-4FCF-9714-2C2BCEAF4031}.AppStore|x64.ActiveCfg = AppStore|iPhone
		{D5F83A1F-E5FC-4FCF-9714-2C2BCEAF4031}.AppStore|x86.ActiveCfg = AppStore|iPhone
		{D5F83A1F-E5FC-4FCF-9714-2C2BCEAF4031}.Debug|Any CPU.ActiveCfg = Debug|iPhone
		{D5F83A1F-E5FC-4FCF-9714-2C2BCEAF4031}.Debug|ARM.ActiveCfg = Debug|iPhone
		{D5F83A1F-E5FC-4FCF-9714-2C2BCEAF4031}.Debug|ARM64.ActiveCfg = Debug|iPhoneSimulator
		{D5F83A1F-E5FC-4FCF-9714-2C2BCEAF4031}.Debug|iPhone.ActiveCfg = Debug|iPhone
		{D5F83A1F-E5FC-4FCF-9714-2C2BCEAF4031}.Debug|iPhone.Build.0 = Debug|iPhone
		{D5F83A1F-E5FC-4FCF-9714-2C2BCEAF4031}.Debug|iPhoneSimulator.ActiveCfg = Debug|iPhoneSimulator
		{D5F83A1F-E5FC-4FCF-9714-2C2BCEAF4031}.Debug|iPhoneSimulator.Build.0 = Debug|iPhoneSimulator
		{D5F83A1F-E5FC-4FCF-9714-2C2BCEAF4031}.Debug|x64.ActiveCfg = Debug|iPhone
		{D5F83A1F-E5FC-4FCF-9714-2C2BCEAF4031}.Debug|x86.ActiveCfg = Debug|iPhone
		{D5F83A1F-E5FC-4FCF-9714-2C2BCEAF4031}.Release|Any CPU.ActiveCfg = Release|iPhone
		{D5F83A1F-E5FC-4FCF-9714-2C2BCEAF4031}.Release|Any CPU.Build.0 = Release|iPhone
		{D5F83A1F-E5FC-4FCF-9714-2C2BCEAF4031}.Release|ARM.ActiveCfg = Release|iPhone
		{D5F83A1F-E5FC-4FCF-9714-2C2BCEAF4031}.Release|ARM64.ActiveCfg = Release|iPhoneSimulator
		{D5F83A1F-E5FC-4FCF-9714-2C2BCEAF4031}.Release|iPhone.ActiveCfg = Release|iPhone
		{D5F83A1F-E5FC-4FCF-9714-2C2BCEAF4031}.Release|iPhone.Build.0 = Release|iPhone
		{D5F83A1F-E5FC-4FCF-9714-2C2BCEAF4031}.Release|iPhoneSimulator.ActiveCfg = Release|iPhoneSimulator
		{D5F83A1F-E5FC-4FCF-9714-2C2BCEAF4031}.Release|iPhoneSimulator.Build.0 = Release|iPhoneSimulator
		{D5F83A1F-E5FC-4FCF-9714-2C2BCEAF4031}.Release|x64.ActiveCfg = Release|iPhone
		{D5F83A1F-E5FC-4FCF-9714-2C2BCEAF4031}.Release|x86.ActiveCfg = Release|iPhone
		{6B78CBE9-A830-409F-A236-3A1CCDBE2680}.Ad-Hoc|Any CPU.ActiveCfg = Debug|Any CPU
		{6B78CBE9-A830-409F-A236-3A1CCDBE2680}.Ad-Hoc|Any CPU.Build.0 = Debug|Any CPU
		{6B78CBE9-A830-409F-A236-3A1CCDBE2680}.Ad-Hoc|ARM.ActiveCfg = Debug|ARM
		{6B78CBE9-A830-409F-A236-3A1CCDBE2680}.Ad-Hoc|ARM.Build.0 = Debug|ARM
		{6B78CBE9-A830-409F-A236-3A1CCDBE2680}.Ad-Hoc|ARM64.ActiveCfg = Debug|ARM64
		{6B78CBE9-A830-409F-A236-3A1CCDBE2680}.Ad-Hoc|ARM64.Build.0 = Debug|ARM64
		{6B78CBE9-A830-409F-A236-3A1CCDBE2680}.Ad-Hoc|iPhone.ActiveCfg = Debug|Any CPU
		{6B78CBE9-A830-409F-A236-3A1CCDBE2680}.Ad-Hoc|iPhone.Build.0 = Debug|Any CPU
		{6B78CBE9-A830-409F-A236-3A1CCDBE2680}.Ad-Hoc|iPhoneSimulator.ActiveCfg = Debug|Any CPU
		{6B78CBE9-A830-409F-A236-3A1CCDBE2680}.Ad-Hoc|iPhoneSimulator.Build.0 = Debug|Any CPU
		{6B78CBE9-A830-409F-A236-3A1CCDBE2680}.Ad-Hoc|x64.ActiveCfg = Debug|x64
		{6B78CBE9-A830-409F-A236-3A1CCDBE2680}.Ad-Hoc|x64.Build.0 = Debug|x64
		{6B78CBE9-A830-409F-A236-3A1CCDBE2680}.Ad-Hoc|x86.ActiveCfg = Debug|x86
		{6B78CBE9-A830-409F-A236-3A1CCDBE2680}.Ad-Hoc|x86.Build.0 = Debug|x86
		{6B78CBE9-A830-409F-A236-3A1CCDBE2680}.AppStore|Any CPU.ActiveCfg = Debug|Any CPU
		{6B78CBE9-A830-409F-A236-3A1CCDBE2680}.AppStore|Any CPU.Build.0 = Debug|Any CPU
		{6B78CBE9-A830-409F-A236-3A1CCDBE2680}.AppStore|ARM.ActiveCfg = Debug|ARM
		{6B78CBE9-A830-409F-A236-3A1CCDBE2680}.AppStore|ARM.Build.0 = Debug|ARM
		{6B78CBE9-A830-409F-A236-3A1CCDBE2680}.AppStore|ARM64.ActiveCfg = Debug|ARM64
		{6B78CBE9-A830-409F-A236-3A1CCDBE2680}.AppStore|ARM64.Build.0 = Debug|ARM64
		{6B78CBE9-A830-409F-A236-3A1CCDBE2680}.AppStore|iPhone.ActiveCfg = Debug|Any CPU
		{6B78CBE9-A830-409F-A236-3A1CCDBE2680}.AppStore|iPhone.Build.0 = Debug|Any CPU
		{6B78CBE9-A830-409F-A236-3A1CCDBE2680}.AppStore|iPhoneSimulator.ActiveCfg = Debug|Any CPU
		{6B78CBE9-A830-409F-A236-3A1CCDBE2680}.AppStore|iPhoneSimulator.Build.0 = Debug|Any CPU
		{6B78CBE9-A830-409F-A236-3A1CCDBE2680}.AppStore|x64.ActiveCfg = Debug|x64
		{6B78CBE9-A830-409F-A236-3A1CCDBE2680}.AppStore|x64.Build.0 = Debug|x64
		{6B78CBE9-A830-409F-A236-3A1CCDBE2680}.AppStore|x86.ActiveCfg = Debug|x86
		{6B78CBE9-A830-409F-A236-3A1CCDBE2680}.AppStore|x86.Build.0 = Debug|x86
		{6B78CBE9-A830-409F-A236-3A1CCDBE2680}.Debug|Any CPU.ActiveCfg = Debug|Any CPU
		{6B78CBE9-A830-409F-A236-3A1CCDBE2680}.Debug|Any CPU.Build.0 = Debug|Any CPU
		{6B78CBE9-A830-409F-A236-3A1CCDBE2680}.Debug|ARM.ActiveCfg = Debug|ARM
		{6B78CBE9-A830-409F-A236-3A1CCDBE2680}.Debug|ARM.Build.0 = Debug|ARM
		{6B78CBE9-A830-409F-A236-3A1CCDBE2680}.Debug|ARM64.ActiveCfg = Debug|ARM64
		{6B78CBE9-A830-409F-A236-3A1CCDBE2680}.Debug|ARM64.Build.0 = Debug|ARM64
		{6B78CBE9-A830-409F-A236-3A1CCDBE2680}.Debug|iPhone.ActiveCfg = Debug|Any CPU
		{6B78CBE9-A830-409F-A236-3A1CCDBE2680}.Debug|iPhone.Build.0 = Debug|Any CPU
		{6B78CBE9-A830-409F-A236-3A1CCDBE2680}.Debug|iPhoneSimulator.ActiveCfg = Debug|Any CPU
		{6B78CBE9-A830-409F-A236-3A1CCDBE2680}.Debug|iPhoneSimulator.Build.0 = Debug|Any CPU
		{6B78CBE9-A830-409F-A236-3A1CCDBE2680}.Debug|x64.ActiveCfg = Debug|x64
		{6B78CBE9-A830-409F-A236-3A1CCDBE2680}.Debug|x64.Build.0 = Debug|x64
		{6B78CBE9-A830-409F-A236-3A1CCDBE2680}.Debug|x86.ActiveCfg = Debug|x86
		{6B78CBE9-A830-409F-A236-3A1CCDBE2680}.Debug|x86.Build.0 = Debug|x86
		{6B78CBE9-A830-409F-A236-3A1CCDBE2680}.Release|Any CPU.ActiveCfg = Release|Any CPU
		{6B78CBE9-A830-409F-A236-3A1CCDBE2680}.Release|Any CPU.Build.0 = Release|Any CPU
		{6B78CBE9-A830-409F-A236-3A1CCDBE2680}.Release|ARM.ActiveCfg = Release|ARM
		{6B78CBE9-A830-409F-A236-3A1CCDBE2680}.Release|ARM.Build.0 = Release|ARM
		{6B78CBE9-A830-409F-A236-3A1CCDBE2680}.Release|ARM64.ActiveCfg = Release|ARM64
		{6B78CBE9-A830-409F-A236-3A1CCDBE2680}.Release|ARM64.Build.0 = Release|ARM64
		{6B78CBE9-A830-409F-A236-3A1CCDBE2680}.Release|iPhone.ActiveCfg = Release|Any CPU
		{6B78CBE9-A830-409F-A236-3A1CCDBE2680}.Release|iPhone.Build.0 = Release|Any CPU
		{6B78CBE9-A830-409F-A236-3A1CCDBE2680}.Release|iPhoneSimulator.ActiveCfg = Release|Any CPU
		{6B78CBE9-A830-409F-A236-3A1CCDBE2680}.Release|iPhoneSimulator.Build.0 = Release|Any CPU
		{6B78CBE9-A830-409F-A236-3A1CCDBE2680}.Release|x64.ActiveCfg = Release|x64
		{6B78CBE9-A830-409F-A236-3A1CCDBE2680}.Release|x64.Build.0 = Release|x64
		{6B78CBE9-A830-409F-A236-3A1CCDBE2680}.Release|x86.ActiveCfg = Release|x86
		{6B78CBE9-A830-409F-A236-3A1CCDBE2680}.Release|x86.Build.0 = Release|x86
	EndGlobalSection
	GlobalSection(SolutionProperties) = preSolution
		HideSolutionNode = FALSE
	EndGlobalSection
	GlobalSection(ExtensibilityGlobals) = postSolution
		SolutionGuid = {D7208454-0F79-4F5B-911F-71ADB38087D2}
	EndGlobalSection
EndGlobal
